// !$*UTF8*$!
{
	archiveVersion = 1;
	classes = {
	};
	objectVersion = 46;
	objects = {

/* Begin PBXBuildFile section */
		3C98A55C1C7D5B310001508E /* LaunchScreen.storyboard in Resources */ = {isa = PBXBuildFile; fileRef = 3C98A55A1C7D5B310001508E /* LaunchScreen.storyboard */; };
		3CC2F81F1C706B1D00D1E0B7 /* main.m in Sources */ = {isa = PBXBuildFile; fileRef = 3CC2F81E1C706B1D00D1E0B7 /* main.m */; };
		3CC2F8221C706B1D00D1E0B7 /* AppDelegate.m in Sources */ = {isa = PBXBuildFile; fileRef = 3CC2F8211C706B1D00D1E0B7 /* AppDelegate.m */; };
		3CC2F82A1C706B1D00D1E0B7 /* Assets.xcassets in Resources */ = {isa = PBXBuildFile; fileRef = 3CC2F8291C706B1D00D1E0B7 /* Assets.xcassets */; };
		3CC2F8511C706BE700D1E0B7 /* JHSLuaViewController.m in Sources */ = {isa = PBXBuildFile; fileRef = 3CC2F8441C706BE700D1E0B7 /* JHSLuaViewController.m */; };
		3CC2F8521C706BE700D1E0B7 /* JHSLVButton.m in Sources */ = {isa = PBXBuildFile; fileRef = 3CC2F8461C706BE700D1E0B7 /* JHSLVButton.m */; };
		3CC2F8531C706BE700D1E0B7 /* JHSLVCollectionView.m in Sources */ = {isa = PBXBuildFile; fileRef = 3CC2F8481C706BE700D1E0B7 /* JHSLVCollectionView.m */; };
		3CC2F8541C706BE700D1E0B7 /* JHSLVCustomError.m in Sources */ = {isa = PBXBuildFile; fileRef = 3CC2F84A1C706BE700D1E0B7 /* JHSLVCustomError.m */; };
		3CC2F8551C706BE700D1E0B7 /* JHSLVCustomLoading.m in Sources */ = {isa = PBXBuildFile; fileRef = 3CC2F84C1C706BE700D1E0B7 /* JHSLVCustomLoading.m */; };
		3CC2F8561C706BE700D1E0B7 /* JHSLVImage.m in Sources */ = {isa = PBXBuildFile; fileRef = 3CC2F84E1C706BE700D1E0B7 /* JHSLVImage.m */; };
		3CC2F8C91C706BFA00D1E0B7 /* close.png in Resources */ = {isa = PBXBuildFile; fileRef = 3CC2F88E1C706BFA00D1E0B7 /* close.png */; };
		3CC2F8CA1C706BFA00D1E0B7 /* demoZ_1212.lua in Resources */ = {isa = PBXBuildFile; fileRef = 3CC2F88F1C706BFA00D1E0B7 /* demoZ_1212.lua */; };
		3CC2F8CB1C706BFA00D1E0B7 /* enter.png in Resources */ = {isa = PBXBuildFile; fileRef = 3CC2F8901C706BFA00D1E0B7 /* enter.png */; };
		3CC2F8CC1C706BFA00D1E0B7 /* enter10.png in Resources */ = {isa = PBXBuildFile; fileRef = 3CC2F8911C706BFA00D1E0B7 /* enter10.png */; };
		3CC2F8CD1C706BFA00D1E0B7 /* enter11.png in Resources */ = {isa = PBXBuildFile; fileRef = 3CC2F8921C706BFA00D1E0B7 /* enter11.png */; };
		3CC2F8CE1C706BFA00D1E0B7 /* hongbao.png in Resources */ = {isa = PBXBuildFile; fileRef = 3CC2F8931C706BFA00D1E0B7 /* hongbao.png */; };
		3CC2F8CF1C706BFA00D1E0B7 /* jhs.png in Resources */ = {isa = PBXBuildFile; fileRef = 3CC2F8941C706BFA00D1E0B7 /* jhs.png */; };
		3CC2F8D01C706BFA00D1E0B7 /* line.png in Resources */ = {isa = PBXBuildFile; fileRef = 3CC2F8951C706BFA00D1E0B7 /* line.png */; };
		3CC2F9091C70758000D1E0B7 /* Accelerate.framework in Frameworks */ = {isa = PBXBuildFile; fileRef = 3CC2F9081C70758000D1E0B7 /* Accelerate.framework */; };
		3CC2F90E1C70758700D1E0B7 /* AudioToolbox.framework in Frameworks */ = {isa = PBXBuildFile; fileRef = 3CC2F90D1C70758700D1E0B7 /* AudioToolbox.framework */; };
		3CC2F9101C70758B00D1E0B7 /* AVFoundation.framework in Frameworks */ = {isa = PBXBuildFile; fileRef = 3CC2F90F1C70758B00D1E0B7 /* AVFoundation.framework */; };
		3CC2F9121C70759100D1E0B7 /* libz.tbd in Frameworks */ = {isa = PBXBuildFile; fileRef = 3CC2F9111C70759100D1E0B7 /* libz.tbd */; };
		9113AE261EA9E96E000302C1 /* demoZZ_matrix.lua in Resources */ = {isa = PBXBuildFile; fileRef = 9113AE251EA9E96E000302C1 /* demoZZ_matrix.lua */; };
		913C34DF1E88F34200409378 /* animate1.jpg in Resources */ = {isa = PBXBuildFile; fileRef = 913C34A61E88F34200409378 /* animate1.jpg */; };
		913C34E01E88F34200409378 /* bt_catebrand_more.9.png in Resources */ = {isa = PBXBuildFile; fileRef = 913C34A71E88F34200409378 /* bt_catebrand_more.9.png */; };
		913C34E11E88F34200409378 /* button0.png in Resources */ = {isa = PBXBuildFile; fileRef = 913C34A81E88F34200409378 /* button0.png */; };
		913C34E21E88F34200409378 /* button1.png in Resources */ = {isa = PBXBuildFile; fileRef = 913C34A91E88F34200409378 /* button1.png */; };
		913C34E31E88F34200409378 /* candle in Resources */ = {isa = PBXBuildFile; fileRef = 913C34AA1E88F34200409378 /* candle */; };
		913C34E41E88F34200409378 /* demo.zip in Resources */ = {isa = PBXBuildFile; fileRef = 913C34AB1E88F34200409378 /* demo.zip */; };
		913C34E51E88F34200409378 /* demoA_FlexBox.lua in Resources */ = {isa = PBXBuildFile; fileRef = 913C34AC1E88F34200409378 /* demoA_FlexBox.lua */; };
		913C34E61E88F34200409378 /* demoA_Hello.lua in Resources */ = {isa = PBXBuildFile; fileRef = 913C34AD1E88F34200409378 /* demoA_Hello.lua */; };
		913C34E71E88F34200409378 /* demoA_Image.lua in Resources */ = {isa = PBXBuildFile; fileRef = 913C34AE1E88F34200409378 /* demoA_Image.lua */; };
		913C34E81E88F34200409378 /* demoA_ImageAnimate.lua in Resources */ = {isa = PBXBuildFile; fileRef = 913C34AF1E88F34200409378 /* demoA_ImageAnimate.lua */; };
		913C34E91E88F34200409378 /* demoA_ViewChildren.lua in Resources */ = {isa = PBXBuildFile; fileRef = 913C34B01E88F34200409378 /* demoA_ViewChildren.lua */; };
		913C34EA1E88F34200409378 /* demoC_Label.lua in Resources */ = {isa = PBXBuildFile; fileRef = 913C34B11E88F34200409378 /* demoC_Label.lua */; };
		913C34EB1E88F34200409378 /* demoC2_IconFontLabel.lua in Resources */ = {isa = PBXBuildFile; fileRef = 913C34B21E88F34200409378 /* demoC2_IconFontLabel.lua */; };
		913C34EC1E88F34200409378 /* demoD_requestFromHttp.lua in Resources */ = {isa = PBXBuildFile; fileRef = 913C34B31E88F34200409378 /* demoD_requestFromHttp.lua */; };
		913C34ED1E88F34200409378 /* demoE_Button.lua in Resources */ = {isa = PBXBuildFile; fileRef = 913C34B41E88F34200409378 /* demoE_Button.lua */; };
		913C34EE1E88F34200409378 /* demoH2_CollectionView.lua in Resources */ = {isa = PBXBuildFile; fileRef = 913C34B51E88F34200409378 /* demoH2_CollectionView.lua */; };
		913C34EF1E88F34200409378 /* demoH2_EmptyRefreshCollectionView.lua in Resources */ = {isa = PBXBuildFile; fileRef = 913C34B61E88F34200409378 /* demoH2_EmptyRefreshCollectionView.lua */; };
		913C34F01E88F34200409378 /* demoK_PagerView.lua in Resources */ = {isa = PBXBuildFile; fileRef = 913C34B71E88F34200409378 /* demoK_PagerView.lua */; };
		913C34F11E88F34200409378 /* demoK_ScrollView.lua in Resources */ = {isa = PBXBuildFile; fileRef = 913C34B81E88F34200409378 /* demoK_ScrollView.lua */; };
		913C34F21E88F34200409378 /* demoK_WebView.lua in Resources */ = {isa = PBXBuildFile; fileRef = 913C34B91E88F34200409378 /* demoK_WebView.lua */; };
		913C34F31E88F34200409378 /* demoL_Alert.lua in Resources */ = {isa = PBXBuildFile; fileRef = 913C34BA1E88F34200409378 /* demoL_Alert.lua */; };
		913C34F41E88F34200409378 /* demoL_LoadingIndicator.lua in Resources */ = {isa = PBXBuildFile; fileRef = 913C34BB1E88F34200409378 /* demoL_LoadingIndicator.lua */; };
		913C34F51E88F34200409378 /* demoL2_CustomView.lua in Resources */ = {isa = PBXBuildFile; fileRef = 913C34BC1E88F34200409378 /* demoL2_CustomView.lua */; };
		913C34F61E88F34200409378 /* demoL3_onTouch.lua in Resources */ = {isa = PBXBuildFile; fileRef = 913C34BD1E88F34200409378 /* demoL3_onTouch.lua */; };
		913C34F71E88F34200409378 /* demoM_Navigation.lua in Resources */ = {isa = PBXBuildFile; fileRef = 913C34BE1E88F34200409378 /* demoM_Navigation.lua */; };
		913C34F81E88F34200409378 /* demoO_coroutineDemo.lua in Resources */ = {isa = PBXBuildFile; fileRef = 913C34BF1E88F34200409378 /* demoO_coroutineDemo.lua */; };
		913C34F91E88F34200409378 /* demoO_table.lua in Resources */ = {isa = PBXBuildFile; fileRef = 913C34C01E88F34200409378 /* demoO_table.lua */; };
		913C34FA1E88F34200409378 /* demoO_Timer.lua in Resources */ = {isa = PBXBuildFile; fileRef = 913C34C11E88F34200409378 /* demoO_Timer.lua */; };
		913C34FB1E88F34200409378 /* demoP_Http.lua in Resources */ = {isa = PBXBuildFile; fileRef = 913C34C21E88F34200409378 /* demoP_Http.lua */; };
		913C34FC1E88F34200409378 /* demoP_Json.lua in Resources */ = {isa = PBXBuildFile; fileRef = 913C34C31E88F34200409378 /* demoP_Json.lua */; };
		913C34FD1E88F34200409378 /* demoP_string.lua in Resources */ = {isa = PBXBuildFile; fileRef = 913C34C41E88F34200409378 /* demoP_string.lua */; };
		913C34FE1E88F34200409378 /* demoP_System.lua in Resources */ = {isa = PBXBuildFile; fileRef = 913C34C51E88F34200409378 /* demoP_System.lua */; };
		913C34FF1E88F34200409378 /* demoV1_CustomError.lua in Resources */ = {isa = PBXBuildFile; fileRef = 913C34C61E88F34200409378 /* demoV1_CustomError.lua */; };
		913C35001E88F34200409378 /* demoV1_Customloading.lua in Resources */ = {isa = PBXBuildFile; fileRef = 913C34C71E88F34200409378 /* demoV1_Customloading.lua */; };
		913C35011E88F34200409378 /* demoW1_shake.lua in Resources */ = {isa = PBXBuildFile; fileRef = 913C34C81E88F34200409378 /* demoW1_shake.lua */; };
		913C35021E88F34200409378 /* demoW2_AudioPlayer.lua in Resources */ = {isa = PBXBuildFile; fileRef = 913C34C91E88F34200409378 /* demoW2_AudioPlayer.lua */; };
		913C35031E88F34200409378 /* demoY2_flxNode.lua in Resources */ = {isa = PBXBuildFile; fileRef = 913C34CA1E88F34200409378 /* demoY2_flxNode.lua */; };
		913C35041E88F34200409378 /* demoY5_DownloadAndFile.lua in Resources */ = {isa = PBXBuildFile; fileRef = 913C34CB1E88F34200409378 /* demoY5_DownloadAndFile.lua */; };
		913C35051E88F34200409378 /* demoZ_2015_testunit.lua in Resources */ = {isa = PBXBuildFile; fileRef = 913C34CC1E88F34200409378 /* demoZ_2015_testunit.lua */; };
		913C35061E88F34200409378 /* demoZ_decodeUrl.lua in Resources */ = {isa = PBXBuildFile; fileRef = 913C34CD1E88F34200409378 /* demoZ_decodeUrl.lua */; };
		913C35071E88F34200409378 /* demoZ_Gesture.lua in Resources */ = {isa = PBXBuildFile; fileRef = 913C34CE1E88F34200409378 /* demoZ_Gesture.lua */; };
		913C35081E88F34200409378 /* demoZ_testunit.lua in Resources */ = {isa = PBXBuildFile; fileRef = 913C34CF1E88F34200409378 /* demoZ_testunit.lua */; };
		913C35091E88F34200409378 /* demoZ1_luabox.lua in Resources */ = {isa = PBXBuildFile; fileRef = 913C34D01E88F34200409378 /* demoZ1_luabox.lua */; };
		913C350A1E88F34200409378 /* demoZ2_callOC.lua in Resources */ = {isa = PBXBuildFile; fileRef = 913C34D11E88F34200409378 /* demoZ2_callOC.lua */; };
		913C350B1E88F34200409378 /* demoZB1_Animator.lua in Resources */ = {isa = PBXBuildFile; fileRef = 913C34D21E88F34200409378 /* demoZB1_Animator.lua */; };
		913C350C1E88F34200409378 /* img1.tiff in Resources */ = {isa = PBXBuildFile; fileRef = 913C34D31E88F34200409378 /* img1.tiff */; };
		913C350D1E88F34200409378 /* img4.tiff in Resources */ = {isa = PBXBuildFile; fileRef = 913C34D41E88F34200409378 /* img4.tiff */; };
		913C350E1E88F34200409378 /* img7.tiff in Resources */ = {isa = PBXBuildFile; fileRef = 913C34D51E88F34200409378 /* img7.tiff */; };
		913C350F1E88F34200409378 /* img10.tiff in Resources */ = {isa = PBXBuildFile; fileRef = 913C34D61E88F34200409378 /* img10.tiff */; };
		913C35101E88F34200409378 /* img13.tiff in Resources */ = {isa = PBXBuildFile; fileRef = 913C34D71E88F34200409378 /* img13.tiff */; };
		913C35111E88F34200409378 /* img16.tiff in Resources */ = {isa = PBXBuildFile; fileRef = 913C34D81E88F34200409378 /* img16.tiff */; };
		913C35121E88F34200409378 /* JHSIconfont.ttf in Resources */ = {isa = PBXBuildFile; fileRef = 913C34D91E88F34200409378 /* JHSIconfont.ttf */; };
		913C35131E88F34200409378 /* lv_kit.lua in Resources */ = {isa = PBXBuildFile; fileRef = 913C34DA1E88F34200409378 /* lv_kit.lua */; };
		913C35141E88F34200409378 /* main.lua in Resources */ = {isa = PBXBuildFile; fileRef = 913C34DB1E88F34200409378 /* main.lua */; };
		913C35151E88F34200409378 /* snow.png in Resources */ = {isa = PBXBuildFile; fileRef = 913C34DC1E88F34200409378 /* snow.png */; };
		913C35161E88F34200409378 /* tags.9.png in Resources */ = {isa = PBXBuildFile; fileRef = 913C34DD1E88F34200409378 /* tags.9.png */; };
		913C35171E88F34200409378 /* tags2.9.png in Resources */ = {isa = PBXBuildFile; fileRef = 913C34DE1E88F34200409378 /* tags2.9.png */; };
		913C351A1E88F35000409378 /* ViewController.m in Sources */ = {isa = PBXBuildFile; fileRef = 913C35191E88F35000409378 /* ViewController.m */; };
		9190C01D1EA8D0FF0051E919 /* demoB_Bitmap.lua in Resources */ = {isa = PBXBuildFile; fileRef = 9190C01C1EA8D0FF0051E919 /* demoB_Bitmap.lua */; };
		DC3E58DF90755933412DC0A4 /* libPods-Demo.a in Frameworks */ = {isa = PBXBuildFile; fileRef = E3A299A541C820B23BCC7BCA /* libPods-Demo.a */; };
/* End PBXBuildFile section */

/* Begin PBXContainerItemProxy section */
		3CC2F8341C706B1D00D1E0B7 /* PBXContainerItemProxy */ = {
			isa = PBXContainerItemProxy;
			containerPortal = 3CC2F8121C706B1D00D1E0B7 /* Project object */;
			proxyType = 1;
			remoteGlobalIDString = 3CC2F8191C706B1D00D1E0B7;
			remoteInfo = Demo;
		};
/* End PBXContainerItemProxy section */

/* Begin PBXFileReference section */
		1D91B87B0C382EBA586DA7E1 /* Pods-Demo.debug.xcconfig */ = {isa = PBXFileReference; includeInIndex = 1; lastKnownFileType = text.xcconfig; name = "Pods-Demo.debug.xcconfig"; path = "Pods/Target Support Files/Pods-Demo/Pods-Demo.debug.xcconfig"; sourceTree = "<group>"; };
		39A1B496E543E8E483B39034 /* Pods-Demo.release.xcconfig */ = {isa = PBXFileReference; includeInIndex = 1; lastKnownFileType = text.xcconfig; name = "Pods-Demo.release.xcconfig"; path = "Pods/Target Support Files/Pods-Demo/Pods-Demo.release.xcconfig"; sourceTree = "<group>"; };
		3C98A55B1C7D5B310001508E /* Base */ = {isa = PBXFileReference; lastKnownFileType = file.storyboard; name = Base; path = Base.lproj/LaunchScreen.storyboard; sourceTree = "<group>"; };
		3CC2F81A1C706B1D00D1E0B7 /* Demo.app */ = {isa = PBXFileReference; explicitFileType = wrapper.application; includeInIndex = 0; path = Demo.app; sourceTree = BUILT_PRODUCTS_DIR; };
		3CC2F81E1C706B1D00D1E0B7 /* main.m */ = {isa = PBXFileReference; lastKnownFileType = sourcecode.c.objc; path = main.m; sourceTree = "<group>"; };
		3CC2F8201C706B1D00D1E0B7 /* AppDelegate.h */ = {isa = PBXFileReference; lastKnownFileType = sourcecode.c.h; path = AppDelegate.h; sourceTree = "<group>"; };
		3CC2F8211C706B1D00D1E0B7 /* AppDelegate.m */ = {isa = PBXFileReference; lastKnownFileType = sourcecode.c.objc; path = AppDelegate.m; sourceTree = "<group>"; };
		3CC2F8291C706B1D00D1E0B7 /* Assets.xcassets */ = {isa = PBXFileReference; lastKnownFileType = folder.assetcatalog; path = Assets.xcassets; sourceTree = "<group>"; };
		3CC2F82E1C706B1D00D1E0B7 /* Info.plist */ = {isa = PBXFileReference; lastKnownFileType = text.plist.xml; path = Info.plist; sourceTree = "<group>"; };
		3CC2F8331C706B1D00D1E0B7 /* DemoTests.xctest */ = {isa = PBXFileReference; explicitFileType = wrapper.cfbundle; includeInIndex = 0; path = DemoTests.xctest; sourceTree = BUILT_PRODUCTS_DIR; };
		3CC2F8431C706BE700D1E0B7 /* JHSLuaViewController.h */ = {isa = PBXFileReference; fileEncoding = 4; lastKnownFileType = sourcecode.c.h; path = JHSLuaViewController.h; sourceTree = "<group>"; };
		3CC2F8441C706BE700D1E0B7 /* JHSLuaViewController.m */ = {isa = PBXFileReference; fileEncoding = 4; lastKnownFileType = sourcecode.c.objc; path = JHSLuaViewController.m; sourceTree = "<group>"; };
		3CC2F8451C706BE700D1E0B7 /* JHSLVButton.h */ = {isa = PBXFileReference; fileEncoding = 4; lastKnownFileType = sourcecode.c.h; path = JHSLVButton.h; sourceTree = "<group>"; };
		3CC2F8461C706BE700D1E0B7 /* JHSLVButton.m */ = {isa = PBXFileReference; fileEncoding = 4; lastKnownFileType = sourcecode.c.objc; path = JHSLVButton.m; sourceTree = "<group>"; };
		3CC2F8471C706BE700D1E0B7 /* JHSLVCollectionView.h */ = {isa = PBXFileReference; fileEncoding = 4; lastKnownFileType = sourcecode.c.h; path = JHSLVCollectionView.h; sourceTree = "<group>"; };
		3CC2F8481C706BE700D1E0B7 /* JHSLVCollectionView.m */ = {isa = PBXFileReference; fileEncoding = 4; lastKnownFileType = sourcecode.c.objc; path = JHSLVCollectionView.m; sourceTree = "<group>"; };
		3CC2F8491C706BE700D1E0B7 /* JHSLVCustomError.h */ = {isa = PBXFileReference; fileEncoding = 4; lastKnownFileType = sourcecode.c.h; path = JHSLVCustomError.h; sourceTree = "<group>"; };
		3CC2F84A1C706BE700D1E0B7 /* JHSLVCustomError.m */ = {isa = PBXFileReference; fileEncoding = 4; lastKnownFileType = sourcecode.c.objc; path = JHSLVCustomError.m; sourceTree = "<group>"; };
		3CC2F84B1C706BE700D1E0B7 /* JHSLVCustomLoading.h */ = {isa = PBXFileReference; fileEncoding = 4; lastKnownFileType = sourcecode.c.h; path = JHSLVCustomLoading.h; sourceTree = "<group>"; };
		3CC2F84C1C706BE700D1E0B7 /* JHSLVCustomLoading.m */ = {isa = PBXFileReference; fileEncoding = 4; lastKnownFileType = sourcecode.c.objc; path = JHSLVCustomLoading.m; sourceTree = "<group>"; };
		3CC2F84D1C706BE700D1E0B7 /* JHSLVImage.h */ = {isa = PBXFileReference; fileEncoding = 4; lastKnownFileType = sourcecode.c.h; path = JHSLVImage.h; sourceTree = "<group>"; };
		3CC2F84E1C706BE700D1E0B7 /* JHSLVImage.m */ = {isa = PBXFileReference; fileEncoding = 4; lastKnownFileType = sourcecode.c.objc; path = JHSLVImage.m; sourceTree = "<group>"; };
		3CC2F88E1C706BFA00D1E0B7 /* close.png */ = {isa = PBXFileReference; lastKnownFileType = image.png; path = close.png; sourceTree = "<group>"; };
		3CC2F88F1C706BFA00D1E0B7 /* demoZ_1212.lua */ = {isa = PBXFileReference; fileEncoding = 4; lastKnownFileType = text; path = demoZ_1212.lua; sourceTree = "<group>"; };
		3CC2F8901C706BFA00D1E0B7 /* enter.png */ = {isa = PBXFileReference; lastKnownFileType = image.png; path = enter.png; sourceTree = "<group>"; };
		3CC2F8911C706BFA00D1E0B7 /* enter10.png */ = {isa = PBXFileReference; lastKnownFileType = image.png; path = enter10.png; sourceTree = "<group>"; };
		3CC2F8921C706BFA00D1E0B7 /* enter11.png */ = {isa = PBXFileReference; lastKnownFileType = image.png; path = enter11.png; sourceTree = "<group>"; };
		3CC2F8931C706BFA00D1E0B7 /* hongbao.png */ = {isa = PBXFileReference; lastKnownFileType = image.png; path = hongbao.png; sourceTree = "<group>"; };
		3CC2F8941C706BFA00D1E0B7 /* jhs.png */ = {isa = PBXFileReference; lastKnownFileType = image.png; path = jhs.png; sourceTree = "<group>"; };
		3CC2F8951C706BFA00D1E0B7 /* line.png */ = {isa = PBXFileReference; lastKnownFileType = image.png; path = line.png; sourceTree = "<group>"; };
		3CC2F9081C70758000D1E0B7 /* Accelerate.framework */ = {isa = PBXFileReference; lastKnownFileType = wrapper.framework; name = Accelerate.framework; path = System/Library/Frameworks/Accelerate.framework; sourceTree = SDKROOT; };
		3CC2F90D1C70758700D1E0B7 /* AudioToolbox.framework */ = {isa = PBXFileReference; lastKnownFileType = wrapper.framework; name = AudioToolbox.framework; path = System/Library/Frameworks/AudioToolbox.framework; sourceTree = SDKROOT; };
		3CC2F90F1C70758B00D1E0B7 /* AVFoundation.framework */ = {isa = PBXFileReference; lastKnownFileType = wrapper.framework; name = AVFoundation.framework; path = System/Library/Frameworks/AVFoundation.framework; sourceTree = SDKROOT; };
		3CC2F9111C70759100D1E0B7 /* libz.tbd */ = {isa = PBXFileReference; lastKnownFileType = "sourcecode.text-based-dylib-definition"; name = libz.tbd; path = usr/lib/libz.tbd; sourceTree = SDKROOT; };
		9113AE251EA9E96E000302C1 /* demoZZ_matrix.lua */ = {isa = PBXFileReference; fileEncoding = 4; lastKnownFileType = text; name = demoZZ_matrix.lua; path = lua/demoZZ_matrix.lua; sourceTree = "<group>"; };
		913C34A61E88F34200409378 /* animate1.jpg */ = {isa = PBXFileReference; lastKnownFileType = image.jpeg; name = animate1.jpg; path = lua/animate1.jpg; sourceTree = "<group>"; };
		913C34A71E88F34200409378 /* bt_catebrand_more.9.png */ = {isa = PBXFileReference; lastKnownFileType = image.png; name = bt_catebrand_more.9.png; path = lua/bt_catebrand_more.9.png; sourceTree = "<group>"; };
		913C34A81E88F34200409378 /* button0.png */ = {isa = PBXFileReference; lastKnownFileType = image.png; name = button0.png; path = lua/button0.png; sourceTree = "<group>"; };
		913C34A91E88F34200409378 /* button1.png */ = {isa = PBXFileReference; lastKnownFileType = image.png; name = button1.png; path = lua/button1.png; sourceTree = "<group>"; };
		913C34AA1E88F34200409378 /* candle */ = {isa = PBXFileReference; lastKnownFileType = folder; name = candle; path = lua/candle; sourceTree = "<group>"; };
		913C34AB1E88F34200409378 /* demo.zip */ = {isa = PBXFileReference; lastKnownFileType = archive.zip; name = demo.zip; path = lua/demo.zip; sourceTree = "<group>"; };
		913C34AC1E88F34200409378 /* demoA_FlexBox.lua */ = {isa = PBXFileReference; fileEncoding = 4; lastKnownFileType = text; name = demoA_FlexBox.lua; path = lua/demoA_FlexBox.lua; sourceTree = "<group>"; };
		913C34AD1E88F34200409378 /* demoA_Hello.lua */ = {isa = PBXFileReference; fileEncoding = 4; lastKnownFileType = text; name = demoA_Hello.lua; path = lua/demoA_Hello.lua; sourceTree = "<group>"; };
		913C34AE1E88F34200409378 /* demoA_Image.lua */ = {isa = PBXFileReference; fileEncoding = 4; lastKnownFileType = text; name = demoA_Image.lua; path = lua/demoA_Image.lua; sourceTree = "<group>"; };
		913C34AF1E88F34200409378 /* demoA_ImageAnimate.lua */ = {isa = PBXFileReference; fileEncoding = 4; lastKnownFileType = text; name = demoA_ImageAnimate.lua; path = lua/demoA_ImageAnimate.lua; sourceTree = "<group>"; };
		913C34B01E88F34200409378 /* demoA_ViewChildren.lua */ = {isa = PBXFileReference; fileEncoding = 4; lastKnownFileType = text; name = demoA_ViewChildren.lua; path = lua/demoA_ViewChildren.lua; sourceTree = "<group>"; };
		913C34B11E88F34200409378 /* demoC_Label.lua */ = {isa = PBXFileReference; fileEncoding = 4; lastKnownFileType = text; name = demoC_Label.lua; path = lua/demoC_Label.lua; sourceTree = "<group>"; };
		913C34B21E88F34200409378 /* demoC2_IconFontLabel.lua */ = {isa = PBXFileReference; fileEncoding = 4; lastKnownFileType = text; name = demoC2_IconFontLabel.lua; path = lua/demoC2_IconFontLabel.lua; sourceTree = "<group>"; };
		913C34B31E88F34200409378 /* demoD_requestFromHttp.lua */ = {isa = PBXFileReference; fileEncoding = 4; lastKnownFileType = text; name = demoD_requestFromHttp.lua; path = lua/demoD_requestFromHttp.lua; sourceTree = "<group>"; };
		913C34B41E88F34200409378 /* demoE_Button.lua */ = {isa = PBXFileReference; fileEncoding = 4; lastKnownFileType = text; name = demoE_Button.lua; path = lua/demoE_Button.lua; sourceTree = "<group>"; };
		913C34B51E88F34200409378 /* demoH2_CollectionView.lua */ = {isa = PBXFileReference; fileEncoding = 4; lastKnownFileType = text; name = demoH2_CollectionView.lua; path = lua/demoH2_CollectionView.lua; sourceTree = "<group>"; };
		913C34B61E88F34200409378 /* demoH2_EmptyRefreshCollectionView.lua */ = {isa = PBXFileReference; fileEncoding = 4; lastKnownFileType = text; name = demoH2_EmptyRefreshCollectionView.lua; path = lua/demoH2_EmptyRefreshCollectionView.lua; sourceTree = "<group>"; };
		913C34B71E88F34200409378 /* demoK_PagerView.lua */ = {isa = PBXFileReference; fileEncoding = 4; lastKnownFileType = text; name = demoK_PagerView.lua; path = lua/demoK_PagerView.lua; sourceTree = "<group>"; };
		913C34B81E88F34200409378 /* demoK_ScrollView.lua */ = {isa = PBXFileReference; fileEncoding = 4; lastKnownFileType = text; name = demoK_ScrollView.lua; path = lua/demoK_ScrollView.lua; sourceTree = "<group>"; };
		913C34B91E88F34200409378 /* demoK_WebView.lua */ = {isa = PBXFileReference; fileEncoding = 4; lastKnownFileType = text; name = demoK_WebView.lua; path = lua/demoK_WebView.lua; sourceTree = "<group>"; };
		913C34BA1E88F34200409378 /* demoL_Alert.lua */ = {isa = PBXFileReference; fileEncoding = 4; lastKnownFileType = text; name = demoL_Alert.lua; path = lua/demoL_Alert.lua; sourceTree = "<group>"; };
		913C34BB1E88F34200409378 /* demoL_LoadingIndicator.lua */ = {isa = PBXFileReference; fileEncoding = 4; lastKnownFileType = text; name = demoL_LoadingIndicator.lua; path = lua/demoL_LoadingIndicator.lua; sourceTree = "<group>"; };
		913C34BC1E88F34200409378 /* demoL2_CustomView.lua */ = {isa = PBXFileReference; fileEncoding = 4; lastKnownFileType = text; name = demoL2_CustomView.lua; path = lua/demoL2_CustomView.lua; sourceTree = "<group>"; };
		913C34BD1E88F34200409378 /* demoL3_onTouch.lua */ = {isa = PBXFileReference; fileEncoding = 4; lastKnownFileType = text; name = demoL3_onTouch.lua; path = lua/demoL3_onTouch.lua; sourceTree = "<group>"; };
		913C34BE1E88F34200409378 /* demoM_Navigation.lua */ = {isa = PBXFileReference; fileEncoding = 4; lastKnownFileType = text; name = demoM_Navigation.lua; path = lua/demoM_Navigation.lua; sourceTree = "<group>"; };
		913C34BF1E88F34200409378 /* demoO_coroutineDemo.lua */ = {isa = PBXFileReference; fileEncoding = 4; lastKnownFileType = text; name = demoO_coroutineDemo.lua; path = lua/demoO_coroutineDemo.lua; sourceTree = "<group>"; };
		913C34C01E88F34200409378 /* demoO_table.lua */ = {isa = PBXFileReference; fileEncoding = 4; lastKnownFileType = text; name = demoO_table.lua; path = lua/demoO_table.lua; sourceTree = "<group>"; };
		913C34C11E88F34200409378 /* demoO_Timer.lua */ = {isa = PBXFileReference; fileEncoding = 4; lastKnownFileType = text; name = demoO_Timer.lua; path = lua/demoO_Timer.lua; sourceTree = "<group>"; };
		913C34C21E88F34200409378 /* demoP_Http.lua */ = {isa = PBXFileReference; fileEncoding = 4; lastKnownFileType = text; name = demoP_Http.lua; path = lua/demoP_Http.lua; sourceTree = "<group>"; };
		913C34C31E88F34200409378 /* demoP_Json.lua */ = {isa = PBXFileReference; fileEncoding = 4; lastKnownFileType = text; name = demoP_Json.lua; path = lua/demoP_Json.lua; sourceTree = "<group>"; };
		913C34C41E88F34200409378 /* demoP_string.lua */ = {isa = PBXFileReference; fileEncoding = 4; lastKnownFileType = text; name = demoP_string.lua; path = lua/demoP_string.lua; sourceTree = "<group>"; };
		913C34C51E88F34200409378 /* demoP_System.lua */ = {isa = PBXFileReference; fileEncoding = 4; lastKnownFileType = text; name = demoP_System.lua; path = lua/demoP_System.lua; sourceTree = "<group>"; };
		913C34C61E88F34200409378 /* demoV1_CustomError.lua */ = {isa = PBXFileReference; fileEncoding = 4; lastKnownFileType = text; name = demoV1_CustomError.lua; path = lua/demoV1_CustomError.lua; sourceTree = "<group>"; };
		913C34C71E88F34200409378 /* demoV1_Customloading.lua */ = {isa = PBXFileReference; fileEncoding = 4; lastKnownFileType = text; name = demoV1_Customloading.lua; path = lua/demoV1_Customloading.lua; sourceTree = "<group>"; };
		913C34C81E88F34200409378 /* demoW1_shake.lua */ = {isa = PBXFileReference; fileEncoding = 4; lastKnownFileType = text; name = demoW1_shake.lua; path = lua/demoW1_shake.lua; sourceTree = "<group>"; };
		913C34C91E88F34200409378 /* demoW2_AudioPlayer.lua */ = {isa = PBXFileReference; fileEncoding = 4; lastKnownFileType = text; name = demoW2_AudioPlayer.lua; path = lua/demoW2_AudioPlayer.lua; sourceTree = "<group>"; };
		913C34CA1E88F34200409378 /* demoY2_flxNode.lua */ = {isa = PBXFileReference; fileEncoding = 4; lastKnownFileType = text; name = demoY2_flxNode.lua; path = lua/demoY2_flxNode.lua; sourceTree = "<group>"; };
		913C34CB1E88F34200409378 /* demoY5_DownloadAndFile.lua */ = {isa = PBXFileReference; fileEncoding = 4; lastKnownFileType = text; name = demoY5_DownloadAndFile.lua; path = lua/demoY5_DownloadAndFile.lua; sourceTree = "<group>"; };
		913C34CC1E88F34200409378 /* demoZ_2015_testunit.lua */ = {isa = PBXFileReference; fileEncoding = 4; lastKnownFileType = text; name = demoZ_2015_testunit.lua; path = lua/demoZ_2015_testunit.lua; sourceTree = "<group>"; };
		913C34CD1E88F34200409378 /* demoZ_decodeUrl.lua */ = {isa = PBXFileReference; fileEncoding = 4; lastKnownFileType = text; name = demoZ_decodeUrl.lua; path = lua/demoZ_decodeUrl.lua; sourceTree = "<group>"; };
		913C34CE1E88F34200409378 /* demoZ_Gesture.lua */ = {isa = PBXFileReference; fileEncoding = 4; lastKnownFileType = text; name = demoZ_Gesture.lua; path = lua/demoZ_Gesture.lua; sourceTree = "<group>"; };
		913C34CF1E88F34200409378 /* demoZ_testunit.lua */ = {isa = PBXFileReference; fileEncoding = 4; lastKnownFileType = text; name = demoZ_testunit.lua; path = lua/demoZ_testunit.lua; sourceTree = "<group>"; };
		913C34D01E88F34200409378 /* demoZ1_luabox.lua */ = {isa = PBXFileReference; fileEncoding = 4; lastKnownFileType = text; name = demoZ1_luabox.lua; path = lua/demoZ1_luabox.lua; sourceTree = "<group>"; };
		913C34D11E88F34200409378 /* demoZ2_callOC.lua */ = {isa = PBXFileReference; fileEncoding = 4; lastKnownFileType = text; name = demoZ2_callOC.lua; path = lua/demoZ2_callOC.lua; sourceTree = "<group>"; };
		913C34D21E88F34200409378 /* demoZB1_Animator.lua */ = {isa = PBXFileReference; fileEncoding = 4; lastKnownFileType = text; name = demoZB1_Animator.lua; path = lua/demoZB1_Animator.lua; sourceTree = "<group>"; };
		913C34D31E88F34200409378 /* img1.tiff */ = {isa = PBXFileReference; lastKnownFileType = image.tiff; name = img1.tiff; path = lua/img1.tiff; sourceTree = "<group>"; };
		913C34D41E88F34200409378 /* img4.tiff */ = {isa = PBXFileReference; lastKnownFileType = image.tiff; name = img4.tiff; path = lua/img4.tiff; sourceTree = "<group>"; };
		913C34D51E88F34200409378 /* img7.tiff */ = {isa = PBXFileReference; lastKnownFileType = image.tiff; name = img7.tiff; path = lua/img7.tiff; sourceTree = "<group>"; };
		913C34D61E88F34200409378 /* img10.tiff */ = {isa = PBXFileReference; lastKnownFileType = image.tiff; name = img10.tiff; path = lua/img10.tiff; sourceTree = "<group>"; };
		913C34D71E88F34200409378 /* img13.tiff */ = {isa = PBXFileReference; lastKnownFileType = image.tiff; name = img13.tiff; path = lua/img13.tiff; sourceTree = "<group>"; };
		913C34D81E88F34200409378 /* img16.tiff */ = {isa = PBXFileReference; lastKnownFileType = image.tiff; name = img16.tiff; path = lua/img16.tiff; sourceTree = "<group>"; };
		913C34D91E88F34200409378 /* JHSIconfont.ttf */ = {isa = PBXFileReference; lastKnownFileType = file; name = JHSIconfont.ttf; path = lua/JHSIconfont.ttf; sourceTree = "<group>"; };
		913C34DA1E88F34200409378 /* lv_kit.lua */ = {isa = PBXFileReference; fileEncoding = 4; lastKnownFileType = text; name = lv_kit.lua; path = lua/lv_kit.lua; sourceTree = "<group>"; };
		913C34DB1E88F34200409378 /* main.lua */ = {isa = PBXFileReference; fileEncoding = 4; lastKnownFileType = text; name = main.lua; path = lua/main.lua; sourceTree = "<group>"; };
		913C34DC1E88F34200409378 /* snow.png */ = {isa = PBXFileReference; lastKnownFileType = image.png; name = snow.png; path = lua/snow.png; sourceTree = "<group>"; };
		913C34DD1E88F34200409378 /* tags.9.png */ = {isa = PBXFileReference; lastKnownFileType = image.png; name = tags.9.png; path = lua/tags.9.png; sourceTree = "<group>"; };
		913C34DE1E88F34200409378 /* tags2.9.png */ = {isa = PBXFileReference; lastKnownFileType = image.png; name = tags2.9.png; path = lua/tags2.9.png; sourceTree = "<group>"; };
		913C35181E88F35000409378 /* ViewController.h */ = {isa = PBXFileReference; fileEncoding = 4; lastKnownFileType = sourcecode.c.h; path = ViewController.h; sourceTree = "<group>"; };
		913C35191E88F35000409378 /* ViewController.m */ = {isa = PBXFileReference; fileEncoding = 4; lastKnownFileType = sourcecode.c.objc; path = ViewController.m; sourceTree = "<group>"; };
		9190C01C1EA8D0FF0051E919 /* demoB_Bitmap.lua */ = {isa = PBXFileReference; fileEncoding = 4; lastKnownFileType = text; name = demoB_Bitmap.lua; path = lua/demoB_Bitmap.lua; sourceTree = "<group>"; };
		E3A299A541C820B23BCC7BCA /* libPods-Demo.a */ = {isa = PBXFileReference; explicitFileType = archive.ar; includeInIndex = 0; path = "libPods-Demo.a"; sourceTree = BUILT_PRODUCTS_DIR; };
/* End PBXFileReference section */

/* Begin PBXFrameworksBuildPhase section */
		3CC2F8171C706B1D00D1E0B7 /* Frameworks */ = {
			isa = PBXFrameworksBuildPhase;
			buildActionMask = 2147483647;
			files = (
				3CC2F9121C70759100D1E0B7 /* libz.tbd in Frameworks */,
				3CC2F9101C70758B00D1E0B7 /* AVFoundation.framework in Frameworks */,
				3CC2F90E1C70758700D1E0B7 /* AudioToolbox.framework in Frameworks */,
				3CC2F9091C70758000D1E0B7 /* Accelerate.framework in Frameworks */,
				DC3E58DF90755933412DC0A4 /* libPods-Demo.a in Frameworks */,
			);
			runOnlyForDeploymentPostprocessing = 0;
		};
		3CC2F8301C706B1D00D1E0B7 /* Frameworks */ = {
			isa = PBXFrameworksBuildPhase;
			buildActionMask = 2147483647;
			files = (
			);
			runOnlyForDeploymentPostprocessing = 0;
		};
/* End PBXFrameworksBuildPhase section */

/* Begin PBXGroup section */
		3CC2F8111C706B1D00D1E0B7 = {
			isa = PBXGroup;
			children = (
				3CC2F81C1C706B1D00D1E0B7 /* Demo */,
				3CC2F81B1C706B1D00D1E0B7 /* Products */,
				E828AAF6D9BD6A045BEE78AA /* Frameworks */,
				3CC2F8F51C7071C000D1E0B7 /* Libraries */,
				A3A75680B7849B8043AF49A6 /* Pods */,
			);
			sourceTree = "<group>";
		};
		3CC2F81B1C706B1D00D1E0B7 /* Products */ = {
			isa = PBXGroup;
			children = (
				3CC2F81A1C706B1D00D1E0B7 /* Demo.app */,
				3CC2F8331C706B1D00D1E0B7 /* DemoTests.xctest */,
			);
			name = Products;
			sourceTree = "<group>";
		};
		3CC2F81C1C706B1D00D1E0B7 /* Demo */ = {
			isa = PBXGroup;
			children = (
				3CC2F8421C706BD900D1E0B7 /* luaviewEx */,
				913C34A51E88F33300409378 /* lua */,
				3CC2F88D1C706BFA00D1E0B7 /* lua_animate */,
				3CC2F8201C706B1D00D1E0B7 /* AppDelegate.h */,
				3CC2F8211C706B1D00D1E0B7 /* AppDelegate.m */,
				3CC2F8291C706B1D00D1E0B7 /* Assets.xcassets */,
				3C98A55A1C7D5B310001508E /* LaunchScreen.storyboard */,
				3CC2F82E1C706B1D00D1E0B7 /* Info.plist */,
				3CC2F81D1C706B1D00D1E0B7 /* Supporting Files */,
			);
			path = Demo;
			sourceTree = "<group>";
		};
		3CC2F81D1C706B1D00D1E0B7 /* Supporting Files */ = {
			isa = PBXGroup;
			children = (
				3CC2F81E1C706B1D00D1E0B7 /* main.m */,
			);
			name = "Supporting Files";
			sourceTree = "<group>";
		};
		3CC2F8421C706BD900D1E0B7 /* luaviewEx */ = {
			isa = PBXGroup;
			children = (
				913C35181E88F35000409378 /* ViewController.h */,
				913C35191E88F35000409378 /* ViewController.m */,
				3CC2F8431C706BE700D1E0B7 /* JHSLuaViewController.h */,
				3CC2F8441C706BE700D1E0B7 /* JHSLuaViewController.m */,
				3CC2F8451C706BE700D1E0B7 /* JHSLVButton.h */,
				3CC2F8461C706BE700D1E0B7 /* JHSLVButton.m */,
				3CC2F8471C706BE700D1E0B7 /* JHSLVCollectionView.h */,
				3CC2F8481C706BE700D1E0B7 /* JHSLVCollectionView.m */,
				3CC2F8491C706BE700D1E0B7 /* JHSLVCustomError.h */,
				3CC2F84A1C706BE700D1E0B7 /* JHSLVCustomError.m */,
				3CC2F84B1C706BE700D1E0B7 /* JHSLVCustomLoading.h */,
				3CC2F84C1C706BE700D1E0B7 /* JHSLVCustomLoading.m */,
				3CC2F84D1C706BE700D1E0B7 /* JHSLVImage.h */,
				3CC2F84E1C706BE700D1E0B7 /* JHSLVImage.m */,
			);
			name = luaviewEx;
			sourceTree = "<group>";
		};
		3CC2F88D1C706BFA00D1E0B7 /* lua_animate */ = {
			isa = PBXGroup;
			children = (
				3CC2F88E1C706BFA00D1E0B7 /* close.png */,
				3CC2F88F1C706BFA00D1E0B7 /* demoZ_1212.lua */,
				3CC2F8901C706BFA00D1E0B7 /* enter.png */,
				3CC2F8911C706BFA00D1E0B7 /* enter10.png */,
				3CC2F8921C706BFA00D1E0B7 /* enter11.png */,
				3CC2F8931C706BFA00D1E0B7 /* hongbao.png */,
				3CC2F8941C706BFA00D1E0B7 /* jhs.png */,
				3CC2F8951C706BFA00D1E0B7 /* line.png */,
			);
			path = lua_animate;
			sourceTree = "<group>";
		};
		3CC2F8F51C7071C000D1E0B7 /* Libraries */ = {
			isa = PBXGroup;
			children = (
			);
			name = Libraries;
			sourceTree = "<group>";
		};
		913C34A51E88F33300409378 /* lua */ = {
			isa = PBXGroup;
			children = (
				913C34A61E88F34200409378 /* animate1.jpg */,
				913C34A71E88F34200409378 /* bt_catebrand_more.9.png */,
				913C34A81E88F34200409378 /* button0.png */,
				913C34A91E88F34200409378 /* button1.png */,
				913C34AA1E88F34200409378 /* candle */,
				913C34AB1E88F34200409378 /* demo.zip */,
				913C34AC1E88F34200409378 /* demoA_FlexBox.lua */,
				913C34AD1E88F34200409378 /* demoA_Hello.lua */,
				913C34AE1E88F34200409378 /* demoA_Image.lua */,
				913C34AF1E88F34200409378 /* demoA_ImageAnimate.lua */,
				913C34B01E88F34200409378 /* demoA_ViewChildren.lua */,
				9190C01C1EA8D0FF0051E919 /* demoB_Bitmap.lua */,
				913C34B11E88F34200409378 /* demoC_Label.lua */,
				913C34B21E88F34200409378 /* demoC2_IconFontLabel.lua */,
				913C34B31E88F34200409378 /* demoD_requestFromHttp.lua */,
				913C34B41E88F34200409378 /* demoE_Button.lua */,
				913C34B51E88F34200409378 /* demoH2_CollectionView.lua */,
				913C34B61E88F34200409378 /* demoH2_EmptyRefreshCollectionView.lua */,
				913C34B71E88F34200409378 /* demoK_PagerView.lua */,
				913C34B81E88F34200409378 /* demoK_ScrollView.lua */,
				913C34B91E88F34200409378 /* demoK_WebView.lua */,
				913C34BA1E88F34200409378 /* demoL_Alert.lua */,
				913C34BB1E88F34200409378 /* demoL_LoadingIndicator.lua */,
				913C34BC1E88F34200409378 /* demoL2_CustomView.lua */,
				913C34BD1E88F34200409378 /* demoL3_onTouch.lua */,
				913C34BE1E88F34200409378 /* demoM_Navigation.lua */,
				913C34BF1E88F34200409378 /* demoO_coroutineDemo.lua */,
				913C34C01E88F34200409378 /* demoO_table.lua */,
				913C34C11E88F34200409378 /* demoO_Timer.lua */,
				913C34C21E88F34200409378 /* demoP_Http.lua */,
				913C34C31E88F34200409378 /* demoP_Json.lua */,
				913C34C41E88F34200409378 /* demoP_string.lua */,
				913C34C51E88F34200409378 /* demoP_System.lua */,
				913C34C61E88F34200409378 /* demoV1_CustomError.lua */,
				913C34C71E88F34200409378 /* demoV1_Customloading.lua */,
				913C34C81E88F34200409378 /* demoW1_shake.lua */,
				913C34C91E88F34200409378 /* demoW2_AudioPlayer.lua */,
				913C34CA1E88F34200409378 /* demoY2_flxNode.lua */,
				913C34CB1E88F34200409378 /* demoY5_DownloadAndFile.lua */,
				913C34CC1E88F34200409378 /* demoZ_2015_testunit.lua */,
				913C34CD1E88F34200409378 /* demoZ_decodeUrl.lua */,
				913C34CE1E88F34200409378 /* demoZ_Gesture.lua */,
				913C34CF1E88F34200409378 /* demoZ_testunit.lua */,
				913C34D01E88F34200409378 /* demoZ1_luabox.lua */,
				913C34D11E88F34200409378 /* demoZ2_callOC.lua */,
				913C34D21E88F34200409378 /* demoZB1_Animator.lua */,
				9113AE251EA9E96E000302C1 /* demoZZ_matrix.lua */,
				913C34D31E88F34200409378 /* img1.tiff */,
				913C34D41E88F34200409378 /* img4.tiff */,
				913C34D51E88F34200409378 /* img7.tiff */,
				913C34D61E88F34200409378 /* img10.tiff */,
				913C34D71E88F34200409378 /* img13.tiff */,
				913C34D81E88F34200409378 /* img16.tiff */,
				913C34D91E88F34200409378 /* JHSIconfont.ttf */,
				913C34DA1E88F34200409378 /* lv_kit.lua */,
				913C34DB1E88F34200409378 /* main.lua */,
				913C34DC1E88F34200409378 /* snow.png */,
				913C34DD1E88F34200409378 /* tags.9.png */,
				913C34DE1E88F34200409378 /* tags2.9.png */,
			);
			name = lua;
			sourceTree = "<group>";
		};
		A3A75680B7849B8043AF49A6 /* Pods */ = {
			isa = PBXGroup;
			children = (
				1D91B87B0C382EBA586DA7E1 /* Pods-Demo.debug.xcconfig */,
				39A1B496E543E8E483B39034 /* Pods-Demo.release.xcconfig */,
			);
			name = Pods;
			sourceTree = "<group>";
		};
		E828AAF6D9BD6A045BEE78AA /* Frameworks */ = {
			isa = PBXGroup;
			children = (
				3CC2F9111C70759100D1E0B7 /* libz.tbd */,
				3CC2F90F1C70758B00D1E0B7 /* AVFoundation.framework */,
				3CC2F90D1C70758700D1E0B7 /* AudioToolbox.framework */,
				3CC2F9081C70758000D1E0B7 /* Accelerate.framework */,
				E3A299A541C820B23BCC7BCA /* libPods-Demo.a */,
			);
			name = Frameworks;
			sourceTree = "<group>";
		};
/* End PBXGroup section */

/* Begin PBXNativeTarget section */
		3CC2F8191C706B1D00D1E0B7 /* Demo */ = {
			isa = PBXNativeTarget;
			buildConfigurationList = 3CC2F83C1C706B1D00D1E0B7 /* Build configuration list for PBXNativeTarget "Demo" */;
			buildPhases = (
				BA60D6FA2A6DA2D2F59A7F13 /* [CP] Check Pods Manifest.lock */,
				3CC2F8161C706B1D00D1E0B7 /* Sources */,
				3CC2F8171C706B1D00D1E0B7 /* Frameworks */,
				3CC2F8181C706B1D00D1E0B7 /* Resources */,
				9FC0D3B176417E1FCCAA292F /* [CP] Embed Pods Frameworks */,
				38AA2395FB23F05E678F60BF /* [CP] Copy Pods Resources */,
				D6B095773A9CD1B2ED818FE5 /* [CP] Copy Framework Resources */,
			);
			buildRules = (
			);
			dependencies = (
			);
			name = Demo;
			productName = Demo;
			productReference = 3CC2F81A1C706B1D00D1E0B7 /* Demo.app */;
			productType = "com.apple.product-type.application";
		};
		3CC2F8321C706B1D00D1E0B7 /* DemoTests */ = {
			isa = PBXNativeTarget;
			buildConfigurationList = 3CC2F83F1C706B1D00D1E0B7 /* Build configuration list for PBXNativeTarget "DemoTests" */;
			buildPhases = (
				3CC2F82F1C706B1D00D1E0B7 /* Sources */,
				3CC2F8301C706B1D00D1E0B7 /* Frameworks */,
				3CC2F8311C706B1D00D1E0B7 /* Resources */,
			);
			buildRules = (
			);
			dependencies = (
				3CC2F8351C706B1D00D1E0B7 /* PBXTargetDependency */,
			);
			name = DemoTests;
			productName = DemoTests;
			productReference = 3CC2F8331C706B1D00D1E0B7 /* DemoTests.xctest */;
			productType = "com.apple.product-type.bundle.unit-test";
		};
/* End PBXNativeTarget section */

/* Begin PBXProject section */
		3CC2F8121C706B1D00D1E0B7 /* Project object */ = {
			isa = PBXProject;
			attributes = {
				LastUpgradeCheck = 0720;
				ORGANIZATIONNAME = juhuasuan;
				TargetAttributes = {
					3CC2F8191C706B1D00D1E0B7 = {
						CreatedOnToolsVersion = 7.2;
						DevelopmentTeam = EAA28CVMQM;
						ProvisioningStyle = Automatic;
					};
					3CC2F8321C706B1D00D1E0B7 = {
						CreatedOnToolsVersion = 7.2;
						TestTargetID = 3CC2F8191C706B1D00D1E0B7;
					};
				};
			};
			buildConfigurationList = 3CC2F8151C706B1D00D1E0B7 /* Build configuration list for PBXProject "Demo" */;
			compatibilityVersion = "Xcode 3.2";
			developmentRegion = English;
			hasScannedForEncodings = 0;
			knownRegions = (
				en,
				Base,
			);
			mainGroup = 3CC2F8111C706B1D00D1E0B7;
			productRefGroup = 3CC2F81B1C706B1D00D1E0B7 /* Products */;
			projectDirPath = "";
			projectRoot = "";
			targets = (
				3CC2F8191C706B1D00D1E0B7 /* Demo */,
				3CC2F8321C706B1D00D1E0B7 /* DemoTests */,
			);
		};
/* End PBXProject section */

/* Begin PBXResourcesBuildPhase section */
		3CC2F8181C706B1D00D1E0B7 /* Resources */ = {
			isa = PBXResourcesBuildPhase;
			buildActionMask = 2147483647;
			files = (
				913C34F01E88F34200409378 /* demoK_PagerView.lua in Resources */,
				913C34EA1E88F34200409378 /* demoC_Label.lua in Resources */,
				913C34E61E88F34200409378 /* demoA_Hello.lua in Resources */,
				913C34F81E88F34200409378 /* demoO_coroutineDemo.lua in Resources */,
				3CC2F8D01C706BFA00D1E0B7 /* line.png in Resources */,
				913C34EF1E88F34200409378 /* demoH2_EmptyRefreshCollectionView.lua in Resources */,
				913C35021E88F34200409378 /* demoW2_AudioPlayer.lua in Resources */,
				9113AE261EA9E96E000302C1 /* demoZZ_matrix.lua in Resources */,
				913C35131E88F34200409378 /* lv_kit.lua in Resources */,
				913C34E11E88F34200409378 /* button0.png in Resources */,
				913C350F1E88F34200409378 /* img10.tiff in Resources */,
				913C34F51E88F34200409378 /* demoL2_CustomView.lua in Resources */,
				913C34EE1E88F34200409378 /* demoH2_CollectionView.lua in Resources */,
				913C34FA1E88F34200409378 /* demoO_Timer.lua in Resources */,
				3CC2F8C91C706BFA00D1E0B7 /* close.png in Resources */,
				913C35081E88F34200409378 /* demoZ_testunit.lua in Resources */,
				913C35161E88F34200409378 /* tags.9.png in Resources */,
				913C350A1E88F34200409378 /* demoZ2_callOC.lua in Resources */,
				913C350C1E88F34200409378 /* img1.tiff in Resources */,
				913C35121E88F34200409378 /* JHSIconfont.ttf in Resources */,
				913C35111E88F34200409378 /* img16.tiff in Resources */,
				913C35061E88F34200409378 /* demoZ_decodeUrl.lua in Resources */,
				913C34F91E88F34200409378 /* demoO_table.lua in Resources */,
				913C35001E88F34200409378 /* demoV1_Customloading.lua in Resources */,
				913C34FC1E88F34200409378 /* demoP_Json.lua in Resources */,
				913C34E21E88F34200409378 /* button1.png in Resources */,
				913C35011E88F34200409378 /* demoW1_shake.lua in Resources */,
				913C34FB1E88F34200409378 /* demoP_Http.lua in Resources */,
				913C350B1E88F34200409378 /* demoZB1_Animator.lua in Resources */,
				913C34E81E88F34200409378 /* demoA_ImageAnimate.lua in Resources */,
				913C34DF1E88F34200409378 /* animate1.jpg in Resources */,
				913C35141E88F34200409378 /* main.lua in Resources */,
				913C35101E88F34200409378 /* img13.tiff in Resources */,
				913C34F21E88F34200409378 /* demoK_WebView.lua in Resources */,
				913C34FD1E88F34200409378 /* demoP_string.lua in Resources */,
				913C34FF1E88F34200409378 /* demoV1_CustomError.lua in Resources */,
				913C34E91E88F34200409378 /* demoA_ViewChildren.lua in Resources */,
				3C98A55C1C7D5B310001508E /* LaunchScreen.storyboard in Resources */,
				3CC2F8CB1C706BFA00D1E0B7 /* enter.png in Resources */,
				3CC2F8CA1C706BFA00D1E0B7 /* demoZ_1212.lua in Resources */,
				913C350E1E88F34200409378 /* img7.tiff in Resources */,
				913C350D1E88F34200409378 /* img4.tiff in Resources */,
				913C34E51E88F34200409378 /* demoA_FlexBox.lua in Resources */,
				9190C01D1EA8D0FF0051E919 /* demoB_Bitmap.lua in Resources */,
				3CC2F8CD1C706BFA00D1E0B7 /* enter11.png in Resources */,
				913C35171E88F34200409378 /* tags2.9.png in Resources */,
				913C34EC1E88F34200409378 /* demoD_requestFromHttp.lua in Resources */,
				913C34ED1E88F34200409378 /* demoE_Button.lua in Resources */,
				913C34F11E88F34200409378 /* demoK_ScrollView.lua in Resources */,
				913C34F41E88F34200409378 /* demoL_LoadingIndicator.lua in Resources */,
				913C34FE1E88F34200409378 /* demoP_System.lua in Resources */,
				3CC2F82A1C706B1D00D1E0B7 /* Assets.xcassets in Resources */,
				913C35051E88F34200409378 /* demoZ_2015_testunit.lua in Resources */,
				913C35091E88F34200409378 /* demoZ1_luabox.lua in Resources */,
				913C34F71E88F34200409378 /* demoM_Navigation.lua in Resources */,
				913C35031E88F34200409378 /* demoY2_flxNode.lua in Resources */,
				913C34E31E88F34200409378 /* candle in Resources */,
				913C34E01E88F34200409378 /* bt_catebrand_more.9.png in Resources */,
				913C35041E88F34200409378 /* demoY5_DownloadAndFile.lua in Resources */,
				3CC2F8CE1C706BFA00D1E0B7 /* hongbao.png in Resources */,
				913C35071E88F34200409378 /* demoZ_Gesture.lua in Resources */,
				3CC2F8CF1C706BFA00D1E0B7 /* jhs.png in Resources */,
				913C34F31E88F34200409378 /* demoL_Alert.lua in Resources */,
				913C34EB1E88F34200409378 /* demoC2_IconFontLabel.lua in Resources */,
				913C34E41E88F34200409378 /* demo.zip in Resources */,
				913C35151E88F34200409378 /* snow.png in Resources */,
				913C34F61E88F34200409378 /* demoL3_onTouch.lua in Resources */,
				913C34E71E88F34200409378 /* demoA_Image.lua in Resources */,
				3CC2F8CC1C706BFA00D1E0B7 /* enter10.png in Resources */,
			);
			runOnlyForDeploymentPostprocessing = 0;
		};
		3CC2F8311C706B1D00D1E0B7 /* Resources */ = {
			isa = PBXResourcesBuildPhase;
			buildActionMask = 2147483647;
			files = (
			);
			runOnlyForDeploymentPostprocessing = 0;
		};
/* End PBXResourcesBuildPhase section */

/* Begin PBXShellScriptBuildPhase section */
		38AA2395FB23F05E678F60BF /* [CP] Copy Pods Resources */ = {
			isa = PBXShellScriptBuildPhase;
			buildActionMask = 2147483647;
			files = (
			);
			inputPaths = (
			);
			name = "[CP] Copy Pods Resources";
			outputPaths = (
			);
			runOnlyForDeploymentPostprocessing = 0;
			shellPath = /bin/sh;
			shellScript = "\"${SRCROOT}/Pods/Target Support Files/Pods-Demo/Pods-Demo-resources.sh\"\n";
			showEnvVarsInLog = 0;
		};
		9FC0D3B176417E1FCCAA292F /* [CP] Embed Pods Frameworks */ = {
			isa = PBXShellScriptBuildPhase;
			buildActionMask = 2147483647;
			files = (
			);
			inputPaths = (
			);
			name = "[CP] Embed Pods Frameworks";
			outputPaths = (
			);
			runOnlyForDeploymentPostprocessing = 0;
			shellPath = /bin/sh;
			shellScript = "\"${SRCROOT}/Pods/Target Support Files/Pods-Demo/Pods-Demo-frameworks.sh\"\n";
			showEnvVarsInLog = 0;
		};
		BA60D6FA2A6DA2D2F59A7F13 /* [CP] Check Pods Manifest.lock */ = {
			isa = PBXShellScriptBuildPhase;
			buildActionMask = 2147483647;
			files = (
			);
			inputPaths = (
			);
			name = "[CP] Check Pods Manifest.lock";
			outputPaths = (
			);
			runOnlyForDeploymentPostprocessing = 0;
			shellPath = /bin/sh;
			shellScript = "diff \"${PODS_ROOT}/../Podfile.lock\" \"${PODS_ROOT}/Manifest.lock\" > /dev/null\nif [ $? != 0 ] ; then\n    # print error to STDERR\n    echo \"error: The sandbox is not in sync with the Podfile.lock. Run 'pod install' or update your CocoaPods installation.\" >&2\n    exit 1\nfi\n";
			showEnvVarsInLog = 0;
		};
		D6B095773A9CD1B2ED818FE5 /* [CP] Copy Framework Resources */ = {
			isa = PBXShellScriptBuildPhase;
			buildActionMask = 2147483647;
			files = (
			);
			inputPaths = (
			);
			name = "[CP] Copy Framework Resources";
			outputPaths = (
			);
			runOnlyForDeploymentPostprocessing = 0;
			shellPath = /bin/sh;
			shellScript = "bash -l -c \"ruby \\\"${SRCROOT}/Pods/Target Support Files/Pods-Demo/copy-framework-resources.rb\\\"\"";
			showEnvVarsInLog = 0;
		};
/* End PBXShellScriptBuildPhase section */

/* Begin PBXSourcesBuildPhase section */
		3CC2F8161C706B1D00D1E0B7 /* Sources */ = {
			isa = PBXSourcesBuildPhase;
			buildActionMask = 2147483647;
			files = (
				913C351A1E88F35000409378 /* ViewController.m in Sources */,
				3CC2F8521C706BE700D1E0B7 /* JHSLVButton.m in Sources */,
				3CC2F8221C706B1D00D1E0B7 /* AppDelegate.m in Sources */,
				3CC2F81F1C706B1D00D1E0B7 /* main.m in Sources */,
				3CC2F8561C706BE700D1E0B7 /* JHSLVImage.m in Sources */,
				3CC2F8541C706BE700D1E0B7 /* JHSLVCustomError.m in Sources */,
				3CC2F8531C706BE700D1E0B7 /* JHSLVCollectionView.m in Sources */,
				3CC2F8511C706BE700D1E0B7 /* JHSLuaViewController.m in Sources */,
				3CC2F8551C706BE700D1E0B7 /* JHSLVCustomLoading.m in Sources */,
			);
			runOnlyForDeploymentPostprocessing = 0;
		};
		3CC2F82F1C706B1D00D1E0B7 /* Sources */ = {
			isa = PBXSourcesBuildPhase;
			buildActionMask = 2147483647;
			files = (
			);
			runOnlyForDeploymentPostprocessing = 0;
		};
/* End PBXSourcesBuildPhase section */

/* Begin PBXTargetDependency section */
		3CC2F8351C706B1D00D1E0B7 /* PBXTargetDependency */ = {
			isa = PBXTargetDependency;
			target = 3CC2F8191C706B1D00D1E0B7 /* Demo */;
			targetProxy = 3CC2F8341C706B1D00D1E0B7 /* PBXContainerItemProxy */;
		};
/* End PBXTargetDependency section */

/* Begin PBXVariantGroup section */
		3C98A55A1C7D5B310001508E /* LaunchScreen.storyboard */ = {
			isa = PBXVariantGroup;
			children = (
				3C98A55B1C7D5B310001508E /* Base */,
			);
			name = LaunchScreen.storyboard;
			sourceTree = "<group>";
		};
/* End PBXVariantGroup section */

/* Begin XCBuildConfiguration section */
		3CC2F83A1C706B1D00D1E0B7 /* Debug */ = {
			isa = XCBuildConfiguration;
			buildSettings = {
				ALWAYS_SEARCH_USER_PATHS = NO;
				CLANG_CXX_LANGUAGE_STANDARD = "gnu++0x";
				CLANG_CXX_LIBRARY = "libc++";
				CLANG_ENABLE_MODULES = YES;
				CLANG_ENABLE_OBJC_ARC = YES;
				CLANG_WARN_BOOL_CONVERSION = YES;
				CLANG_WARN_CONSTANT_CONVERSION = YES;
				CLANG_WARN_DIRECT_OBJC_ISA_USAGE = YES_ERROR;
				CLANG_WARN_EMPTY_BODY = YES;
				CLANG_WARN_ENUM_CONVERSION = YES;
				CLANG_WARN_INT_CONVERSION = YES;
				CLANG_WARN_OBJC_ROOT_CLASS = YES_ERROR;
				CLANG_WARN_UNREACHABLE_CODE = YES;
				CLANG_WARN__DUPLICATE_METHOD_MATCH = YES;
				"CODE_SIGN_IDENTITY[sdk=iphoneos*]" = "iPhone Developer";
				COPY_PHASE_STRIP = NO;
				DEBUG_INFORMATION_FORMAT = dwarf;
				ENABLE_STRICT_OBJC_MSGSEND = YES;
				ENABLE_TESTABILITY = YES;
				GCC_C_LANGUAGE_STANDARD = gnu99;
				GCC_DYNAMIC_NO_PIC = NO;
				GCC_NO_COMMON_BLOCKS = YES;
				GCC_OPTIMIZATION_LEVEL = 0;
				GCC_PREPROCESSOR_DEFINITIONS = (
					"DEBUG=1",
					"$(inherited)",
				);
				GCC_TREAT_WARNINGS_AS_ERRORS = YES;
				GCC_WARN_64_TO_32_BIT_CONVERSION = YES;
				GCC_WARN_ABOUT_RETURN_TYPE = YES_ERROR;
				GCC_WARN_UNDECLARED_SELECTOR = YES;
				GCC_WARN_UNINITIALIZED_AUTOS = YES_AGGRESSIVE;
				GCC_WARN_UNUSED_FUNCTION = YES;
				GCC_WARN_UNUSED_VARIABLE = YES;
				IPHONEOS_DEPLOYMENT_TARGET = 8.0;
				MTL_ENABLE_DEBUG_INFO = YES;
				ONLY_ACTIVE_ARCH = YES;
				OTHER_CFLAGS = (
					"$(inherited)",
					"-Wno-unused-command-line-argument",
				);
				OTHER_CPLUSPLUSFLAGS = "$(OTHER_CFLAGS)";
				SDKROOT = iphoneos;
			};
			name = Debug;
		};
		3CC2F83B1C706B1D00D1E0B7 /* Release */ = {
			isa = XCBuildConfiguration;
			buildSettings = {
				ALWAYS_SEARCH_USER_PATHS = NO;
				CLANG_CXX_LANGUAGE_STANDARD = "gnu++0x";
				CLANG_CXX_LIBRARY = "libc++";
				CLANG_ENABLE_MODULES = YES;
				CLANG_ENABLE_OBJC_ARC = YES;
				CLANG_WARN_BOOL_CONVERSION = YES;
				CLANG_WARN_CONSTANT_CONVERSION = YES;
				CLANG_WARN_DIRECT_OBJC_ISA_USAGE = YES_ERROR;
				CLANG_WARN_EMPTY_BODY = YES;
				CLANG_WARN_ENUM_CONVERSION = YES;
				CLANG_WARN_INT_CONVERSION = YES;
				CLANG_WARN_OBJC_ROOT_CLASS = YES_ERROR;
				CLANG_WARN_UNREACHABLE_CODE = YES;
				CLANG_WARN__DUPLICATE_METHOD_MATCH = YES;
				"CODE_SIGN_IDENTITY[sdk=iphoneos*]" = "iPhone Developer";
				COPY_PHASE_STRIP = NO;
				DEBUG_INFORMATION_FORMAT = "dwarf-with-dsym";
				ENABLE_NS_ASSERTIONS = NO;
				ENABLE_STRICT_OBJC_MSGSEND = YES;
				GCC_C_LANGUAGE_STANDARD = gnu99;
				GCC_NO_COMMON_BLOCKS = YES;
				GCC_TREAT_WARNINGS_AS_ERRORS = YES;
				GCC_WARN_64_TO_32_BIT_CONVERSION = YES;
				GCC_WARN_ABOUT_RETURN_TYPE = YES_ERROR;
				GCC_WARN_UNDECLARED_SELECTOR = YES;
				GCC_WARN_UNINITIALIZED_AUTOS = YES_AGGRESSIVE;
				GCC_WARN_UNUSED_FUNCTION = YES;
				GCC_WARN_UNUSED_VARIABLE = YES;
				IPHONEOS_DEPLOYMENT_TARGET = 8.0;
				MTL_ENABLE_DEBUG_INFO = NO;
				OTHER_CFLAGS = (
					"$(inherited)",
					"-Wno-unused-command-line-argument",
				);
				OTHER_CPLUSPLUSFLAGS = "$(OTHER_CFLAGS)";
				SDKROOT = iphoneos;
				VALIDATE_PRODUCT = YES;
			};
			name = Release;
		};
		3CC2F83D1C706B1D00D1E0B7 /* Debug */ = {
			isa = XCBuildConfiguration;
			baseConfigurationReference = 1D91B87B0C382EBA586DA7E1 /* Pods-Demo.debug.xcconfig */;
			buildSettings = {
				ASSETCATALOG_COMPILER_APPICON_NAME = AppIcon;
				CODE_SIGN_IDENTITY = "iPhone Developer";
				"CODE_SIGN_IDENTITY[sdk=iphoneos*]" = "iPhone Developer";
				DEVELOPMENT_TEAM = EAA28CVMQM;
				GCC_TREAT_WARNINGS_AS_ERRORS = NO;
				HEADER_SEARCH_PATHS = "$(SRCROOT)/../LuaViewSDK/Classes/**";
				INFOPLIST_FILE = Demo/Info.plist;
				IPHONEOS_DEPLOYMENT_TARGET = 8.0;
				LD_RUNPATH_SEARCH_PATHS = "$(inherited) @executable_path/Frameworks";
				PRODUCT_BUNDLE_IDENTIFIER = com.taobao.luaviewplayground;
				PRODUCT_NAME = "$(TARGET_NAME)";
				PROVISIONING_PROFILE = "";
			};
			name = Debug;
		};
		3CC2F83E1C706B1D00D1E0B7 /* Release */ = {
			isa = XCBuildConfiguration;
			baseConfigurationReference = 39A1B496E543E8E483B39034 /* Pods-Demo.release.xcconfig */;
			buildSettings = {
				ASSETCATALOG_COMPILER_APPICON_NAME = AppIcon;
				CODE_SIGN_IDENTITY = "iPhone Developer";
				"CODE_SIGN_IDENTITY[sdk=iphoneos*]" = "iPhone Developer";
				DEVELOPMENT_TEAM = EAA28CVMQM;
				GCC_OPTIMIZATION_LEVEL = 3;
				GCC_TREAT_WARNINGS_AS_ERRORS = NO;
				HEADER_SEARCH_PATHS = "$(SRCROOT)/../LuaViewSDK/Classes/**";
				INFOPLIST_FILE = Demo/Info.plist;
				IPHONEOS_DEPLOYMENT_TARGET = 8.0;
				LD_RUNPATH_SEARCH_PATHS = "$(inherited) @executable_path/Frameworks";
				PRODUCT_BUNDLE_IDENTIFIER = com.taobao.luaviewplayground;
				PRODUCT_NAME = "$(TARGET_NAME)";
				PROVISIONING_PROFILE = "";
			};
			name = Release;
		};
		3CC2F8401C706B1D00D1E0B7 /* Debug */ = {
			isa = XCBuildConfiguration;
			buildSettings = {
				BUNDLE_LOADER = "$(TEST_HOST)";
				INFOPLIST_FILE = DemoTests/Info.plist;
				LD_RUNPATH_SEARCH_PATHS = "$(inherited) @executable_path/Frameworks @loader_path/Frameworks";
				PRODUCT_BUNDLE_IDENTIFIER = com.juhuasuan.DemoTests;
				PRODUCT_NAME = "$(TARGET_NAME)";
				TEST_HOST = "$(BUILT_PRODUCTS_DIR)/Demo.app/Demo";
			};
			name = Debug;
		};
		3CC2F8411C706B1D00D1E0B7 /* Release */ = {
			isa = XCBuildConfiguration;
			buildSettings = {
				BUNDLE_LOADER = "$(TEST_HOST)";
				INFOPLIST_FILE = DemoTests/Info.plist;
				LD_RUNPATH_SEARCH_PATHS = "$(inherited) @executable_path/Frameworks @loader_path/Frameworks";
				PRODUCT_BUNDLE_IDENTIFIER = com.juhuasuan.DemoTests;
				PRODUCT_NAME = "$(TARGET_NAME)";
				TEST_HOST = "$(BUILT_PRODUCTS_DIR)/Demo.app/Demo";
			};
			name = Release;
		};
/* End XCBuildConfiguration section */

/* Begin XCConfigurationList section */
		3CC2F8151C706B1D00D1E0B7 /* Build configuration list for PBXProject "Demo" */ = {
			isa = XCConfigurationList;
			buildConfigurations = (
				3CC2F83A1C706B1D00D1E0B7 /* Debug */,
				3CC2F83B1C706B1D00D1E0B7 /* Release */,
			);
			defaultConfigurationIsVisible = 0;
			defaultConfigurationName = Release;
		};
		3CC2F83C1C706B1D00D1E0B7 /* Build configuration list for PBXNativeTarget "Demo" */ = {
			isa = XCConfigurationList;
			buildConfigurations = (
				3CC2F83D1C706B1D00D1E0B7 /* Debug */,
				3CC2F83E1C706B1D00D1E0B7 /* Release */,
			);
			defaultConfigurationIsVisible = 0;
			defaultConfigurationName = Release;
		};
		3CC2F83F1C706B1D00D1E0B7 /* Build configuration list for PBXNativeTarget "DemoTests" */ = {
			isa = XCConfigurationList;
			buildConfigurations = (
				3CC2F8401C706B1D00D1E0B7 /* Debug */,
				3CC2F8411C706B1D00D1E0B7 /* Release */,
			);
			defaultConfigurationIsVisible = 0;
			defaultConfigurationName = Release;
		};
/* End XCConfigurationList section */
	};
	rootObject = 3CC2F8121C706B1D00D1E0B7 /* Project object */;
}
