// !$*UTF8*$!
{
	archiveVersion = 1;
	classes = {
	};
	objectVersion = 46;
	objects = {

/* Begin PBXBuildFile section */
		3CF0CA7B1C4F520100873E6C /* main.m in Sources */ = {isa = PBXBuildFile; fileRef = 3CF0CA7A1C4F520100873E6C /* main.m */; };
		3CF0CA7E1C4F520100873E6C /* AppDelegate.m in Sources */ = {isa = PBXBuildFile; fileRef = 3CF0CA7D1C4F520100873E6C /* AppDelegate.m */; };
		3CF0CA861C4F520100873E6C /* Assets.xcassets in Resources */ = {isa = PBXBuildFile; fileRef = 3CF0CA851C4F520100873E6C /* Assets.xcassets */; };
		3CF0CA891C4F520100873E6C /* LaunchScreen.storyboard in Resources */ = {isa = PBXBuildFile; fileRef = 3CF0CA871C4F520100873E6C /* LaunchScreen.storyboard */; };
		3CF0CA941C4F520100873E6C /* <%= @proj_name %>Tests.m in Sources */ = {isa = PBXBuildFile; fileRef = 3CF0CA931C4F520100873E6C /* <%= @proj_name %>Tests.m */; };
		3CF0CAB11C4F526C00873E6C /* AudioToolbox.framework in Frameworks */ = {isa = PBXBuildFile; fileRef = 3CF0CAB01C4F526C00873E6C /* AudioToolbox.framework */; };
		3CF0CAB31C4F527000873E6C /* AVFoundation.framework in Frameworks */ = {isa = PBXBuildFile; fileRef = 3CF0CAB21C4F527000873E6C /* AVFoundation.framework */; };
		3CF0CAB51C4F527500873E6C /* Accelerate.framework in Frameworks */ = {isa = PBXBuildFile; fileRef = 3CF0CAB41C4F527500873E6C /* Accelerate.framework */; };
		3CF0CAB71C4F527900873E6C /* libz.1.2.5.tbd in Frameworks */ = {isa = PBXBuildFile; fileRef = 3CF0CAB61C4F527900873E6C /* libz.1.2.5.tbd */; };
		3CF0CACC1C4F553E00873E6C /* LuaViewSDK.framework in Frameworks */ = {isa = PBXBuildFile; fileRef = 3CF0CAC91C4F553100873E6C /* LuaViewSDK.framework */; };
		3CFD574B1C4F6D1E002C53F6 /* main.lua in Resources */ = {isa = PBXBuildFile; fileRef = 3CFD574A1C4F6D1E002C53F6 /* main.lua */; };
/* End PBXBuildFile section */

/* Begin PBXContainerItemProxy section */
		3CF0CA901C4F520100873E6C /* PBXContainerItemProxy */ = {
			isa = PBXContainerItemProxy;
			containerPortal = 3CF0CA6E1C4F520100873E6C /* Project object */;
			proxyType = 1;
			remoteGlobalIDString = 3CF0CA751C4F520100873E6C;
			remoteInfo = <%= @proj_name %>;
		};
		3CF0CAC41C4F553100873E6C /* PBXContainerItemProxy */ = {
			isa = PBXContainerItemProxy;
			containerPortal = 3CF0CAA01C4F525B00873E6C /* LuaViewSDK.xcodeproj */;
			proxyType = 2;
			remoteGlobalIDString = 848B5C1E1A0A4CA000F59678;
			remoteInfo = Demo;
		};
		3CF0CAC61C4F553100873E6C /* PBXContainerItemProxy */ = {
			isa = PBXContainerItemProxy;
			containerPortal = 3CF0CAA01C4F525B00873E6C /* LuaViewSDK.xcodeproj */;
			proxyType = 2;
			remoteGlobalIDString = 84C1D6A31C16B09D0058E974;
			remoteInfo = LuaViewTests;
		};
		3CF0CAC81C4F553100873E6C /* PBXContainerItemProxy */ = {
			isa = PBXContainerItemProxy;
			containerPortal = 3CF0CAA01C4F525B00873E6C /* LuaViewSDK.xcodeproj */;
			proxyType = 2;
			remoteGlobalIDString = 84C1D7C41C16C3CD0058E974;
			remoteInfo = LuaViewSDK;
		};
		3CF0CACA1C4F553100873E6C /* PBXContainerItemProxy */ = {
			isa = PBXContainerItemProxy;
			containerPortal = 3CF0CAA01C4F525B00873E6C /* LuaViewSDK.xcodeproj */;
			proxyType = 2;
			remoteGlobalIDString = 84C1D8981C16CB820058E974;
			remoteInfo = Dummy;
		};
/* End PBXContainerItemProxy section */

/* Begin PBXFileReference section */
		3CF0CA761C4F520100873E6C /* <%= @proj_name %>.app */ = {isa = PBXFileReference; explicitFileType = wrapper.application; includeInIndex = 0; path = <%= @proj_name %>.app; sourceTree = BUILT_PRODUCTS_DIR; };
		3CF0CA7A1C4F520100873E6C /* main.m */ = {isa = PBXFileReference; lastKnownFileType = sourcecode.c.objc; path = main.m; sourceTree = "<group>"; };
		3CF0CA7C1C4F520100873E6C /* AppDelegate.h */ = {isa = PBXFileReference; lastKnownFileType = sourcecode.c.h; path = AppDelegate.h; sourceTree = "<group>"; };
		3CF0CA7D1C4F520100873E6C /* AppDelegate.m */ = {isa = PBXFileReference; lastKnownFileType = sourcecode.c.objc; path = AppDelegate.m; sourceTree = "<group>"; };
		3CF0CA851C4F520100873E6C /* Assets.xcassets */ = {isa = PBXFileReference; lastKnownFileType = folder.assetcatalog; path = Assets.xcassets; sourceTree = "<group>"; };
		3CF0CA881C4F520100873E6C /* Base */ = {isa = PBXFileReference; lastKnownFileType = file.storyboard; name = Base; path = Base.lproj/LaunchScreen.storyboard; sourceTree = "<group>"; };
		3CF0CA8A1C4F520100873E6C /* Info.plist */ = {isa = PBXFileReference; lastKnownFileType = text.plist.xml; path = Info.plist; sourceTree = "<group>"; };
		3CF0CA8F1C4F520100873E6C /* <%= @proj_name %>Tests.xctest */ = {isa = PBXFileReference; explicitFileType = wrapper.cfbundle; includeInIndex = 0; path = <%= @proj_name %>Tests.xctest; sourceTree = BUILT_PRODUCTS_DIR; };
		3CF0CA931C4F520100873E6C /* <%= @proj_name %>Tests.m */ = {isa = PBXFileReference; lastKnownFileType = sourcecode.c.objc; path = <%= @proj_name %>Tests.m; sourceTree = "<group>"; };
		3CF0CA951C4F520100873E6C /* Info.plist */ = {isa = PBXFileReference; lastKnownFileType = text.plist.xml; path = Info.plist; sourceTree = "<group>"; };
		3CF0CAA01C4F525B00873E6C /* LuaViewSDK.xcodeproj */ = {isa = PBXFileReference; lastKnownFileType = "wrapper.pb-project"; name = LuaViewSDK.xcodeproj; path = "../lv-sdk/IOS/LuaViewSDK.xcodeproj"; sourceTree = "<group>"; };
		3CF0CAB01C4F526C00873E6C /* AudioToolbox.framework */ = {isa = PBXFileReference; lastKnownFileType = wrapper.framework; name = AudioToolbox.framework; path = System/Library/Frameworks/AudioToolbox.framework; sourceTree = SDKROOT; };
		3CF0CAB21C4F527000873E6C /* AVFoundation.framework */ = {isa = PBXFileReference; lastKnownFileType = wrapper.framework; name = AVFoundation.framework; path = System/Library/Frameworks/AVFoundation.framework; sourceTree = SDKROOT; };
		3CF0CAB41C4F527500873E6C /* Accelerate.framework */ = {isa = PBXFileReference; lastKnownFileType = wrapper.framework; name = Accelerate.framework; path = System/Library/Frameworks/Accelerate.framework; sourceTree = SDKROOT; };
		3CF0CAB61C4F527900873E6C /* libz.1.2.5.tbd */ = {isa = PBXFileReference; lastKnownFileType = "sourcecode.text-based-dylib-definition"; name = libz.1.2.5.tbd; path = usr/lib/libz.1.2.5.tbd; sourceTree = SDKROOT; };
		3CFD574A1C4F6D1E002C53F6 /* main.lua */ = {isa = PBXFileReference; fileEncoding = 4; lastKnownFileType = text; path = main.lua; sourceTree = "<group>"; };
/* End PBXFileReference section */

/* Begin PBXFrameworksBuildPhase section */
		3CF0CA731C4F520100873E6C /* Frameworks */ = {
			isa = PBXFrameworksBuildPhase;
			buildActionMask = 2147483647;
			files = (
				3CF0CACC1C4F553E00873E6C /* LuaViewSDK.framework in Frameworks */,
				3CF0CAB71C4F527900873E6C /* libz.1.2.5.tbd in Frameworks */,
				3CF0CAB51C4F527500873E6C /* Accelerate.framework in Frameworks */,
				3CF0CAB31C4F527000873E6C /* AVFoundation.framework in Frameworks */,
				3CF0CAB11C4F526C00873E6C /* AudioToolbox.framework in Frameworks */,
			);
			runOnlyForDeploymentPostprocessing = 0;
		};
		3CF0CA8C1C4F520100873E6C /* Frameworks */ = {
			isa = PBXFrameworksBuildPhase;
			buildActionMask = 2147483647;
			files = (
			);
			runOnlyForDeploymentPostprocessing = 0;
		};
/* End PBXFrameworksBuildPhase section */

/* Begin PBXGroup section */
		3CF0CA6D1C4F520100873E6C = {
			isa = PBXGroup;
			children = (
				3CFD57491C4F6D1E002C53F6 /* lv-src */,
				3CF0CA781C4F520100873E6C /* <%= @proj_name %> */,
				3CF0CA921C4F520100873E6C /* <%= @proj_name %>Tests */,
				3CF0CA9F1C4F523300873E6C /* Frameworks */,
				3CF0CA9E1C4F522800873E6C /* Libraries */,
				3CF0CA771C4F520100873E6C /* Products */,
			);
			sourceTree = "<group>";
		};
		3CF0CA771C4F520100873E6C /* Products */ = {
			isa = PBXGroup;
			children = (
				3CF0CA761C4F520100873E6C /* <%= @proj_name %>.app */,
				3CF0CA8F1C4F520100873E6C /* <%= @proj_name %>Tests.xctest */,
			);
			name = Products;
			sourceTree = "<group>";
		};
		3CF0CA781C4F520100873E6C /* <%= @proj_name %> */ = {
			isa = PBXGroup;
			children = (
				3CF0CA7C1C4F520100873E6C /* AppDelegate.h */,
				3CF0CA7D1C4F520100873E6C /* AppDelegate.m */,
				3CF0CA851C4F520100873E6C /* Assets.xcassets */,
				3CF0CA871C4F520100873E6C /* LaunchScreen.storyboard */,
				3CF0CA8A1C4F520100873E6C /* Info.plist */,
				3CF0CA791C4F520100873E6C /* Supporting Files */,
			);
			path = <%= @proj_name %>;
			sourceTree = "<group>";
		};
		3CF0CA791C4F520100873E6C /* Supporting Files */ = {
			isa = PBXGroup;
			children = (
				3CF0CA7A1C4F520100873E6C /* main.m */,
			);
			name = "Supporting Files";
			sourceTree = "<group>";
		};
		3CF0CA921C4F520100873E6C /* <%= @proj_name %>Tests */ = {
			isa = PBXGroup;
			children = (
				3CF0CA931C4F520100873E6C /* <%= @proj_name %>Tests.m */,
				3CF0CA951C4F520100873E6C /* Info.plist */,
			);
			path = <%= @proj_name %>Tests;
			sourceTree = "<group>";
		};
		3CF0CA9E1C4F522800873E6C /* Libraries */ = {
			isa = PBXGroup;
			children = (
				3CF0CAA01C4F525B00873E6C /* LuaViewSDK.xcodeproj */,
			);
			name = Libraries;
			sourceTree = "<group>";
		};
		3CF0CA9F1C4F523300873E6C /* Frameworks */ = {
			isa = PBXGroup;
			children = (
				3CF0CAB61C4F527900873E6C /* libz.1.2.5.tbd */,
				3CF0CAB41C4F527500873E6C /* Accelerate.framework */,
				3CF0CAB21C4F527000873E6C /* AVFoundation.framework */,
				3CF0CAB01C4F526C00873E6C /* AudioToolbox.framework */,
			);
			name = Frameworks;
			sourceTree = "<group>";
		};
		3CF0CABE1C4F553100873E6C /* Products */ = {
			isa = PBXGroup;
			children = (
				3CF0CAC51C4F553100873E6C /* LuaViewSDK.app */,
				3CF0CAC71C4F553100873E6C /* LuaViewTests.xctest */,
				3CF0CAC91C4F553100873E6C /* LuaViewSDK.framework */,
				3CF0CACB1C4F553100873E6C /* libDummy.a */,
			);
			name = Products;
			sourceTree = "<group>";
		};
		3CFD57491C4F6D1E002C53F6 /* lv-src */ = {
			isa = PBXGroup;
			children = (
				3CFD574A1C4F6D1E002C53F6 /* main.lua */,
			);
			name = "lv-src";
			path = "../lv-src";
			sourceTree = "<group>";
		};
/* End PBXGroup section */

/* Begin PBXNativeTarget section */
		3CF0CA751C4F520100873E6C /* <%= @proj_name %> */ = {
			isa = PBXNativeTarget;
			buildConfigurationList = 3CF0CA981C4F520100873E6C /* Build configuration list for PBXNativeTarget "<%= @proj_name %>" */;
			buildPhases = (
				3CF0CA721C4F520100873E6C /* Sources */,
				3CF0CA731C4F520100873E6C /* Frameworks */,
				3CF0CA741C4F520100873E6C /* Resources */,
			);
			buildRules = (
			);
			dependencies = (
			);
			name = <%= @proj_name %>;
			productName = <%= @proj_name %>;
			productReference = 3CF0CA761C4F520100873E6C /* <%= @proj_name %>.app */;
			productType = "com.apple.product-type.application";
		};
		3CF0CA8E1C4F520100873E6C /* <%= @proj_name %>Tests */ = {
			isa = PBXNativeTarget;
			buildConfigurationList = 3CF0CA9B1C4F520100873E6C /* Build configuration list for PBXNativeTarget "<%= @proj_name %>Tests" */;
			buildPhases = (
				3CF0CA8B1C4F520100873E6C /* Sources */,
				3CF0CA8C1C4F520100873E6C /* Frameworks */,
				3CF0CA8D1C4F520100873E6C /* Resources */,
			);
			buildRules = (
			);
			dependencies = (
				3CF0CA911C4F520100873E6C /* PBXTargetDependency */,
			);
			name = <%= @proj_name %>Tests;
			productName = <%= @proj_name %>Tests;
			productReference = 3CF0CA8F1C4F520100873E6C /* <%= @proj_name %>Tests.xctest */;
			productType = "com.apple.product-type.bundle.unit-test";
		};
/* End PBXNativeTarget section */

/* Begin PBXProject section */
		3CF0CA6E1C4F520100873E6C /* Project object */ = {
			isa = PBXProject;
			attributes = {
				LastUpgradeCheck = 0720;
				ORGANIZATIONNAME = juhuasuan;
				TargetAttributes = {
					3CF0CA751C4F520100873E6C = {
						CreatedOnToolsVersion = 7.2;
					};
					3CF0CA8E1C4F520100873E6C = {
						CreatedOnToolsVersion = 7.2;
						DevelopmentTeam = EA6E8D35L5;
						TestTargetID = 3CF0CA751C4F520100873E6C;
					};
				};
			};
			buildConfigurationList = 3CF0CA711C4F520100873E6C /* Build configuration list for PBXProject "<%= @proj_name %>" */;
			compatibilityVersion = "Xcode 3.2";
			developmentRegion = English;
			hasScannedForEncodings = 0;
			knownRegions = (
				en,
				Base,
			);
			mainGroup = 3CF0CA6D1C4F520100873E6C;
			productRefGroup = 3CF0CA771C4F520100873E6C /* Products */;
			projectDirPath = "";
			projectReferences = (
				{
					ProductGroup = 3CF0CABE1C4F553100873E6C /* Products */;
					ProjectRef = 3CF0CAA01C4F525B00873E6C /* LuaViewSDK.xcodeproj */;
				},
			);
			projectRoot = "";
			targets = (
				3CF0CA751C4F520100873E6C /* <%= @proj_name %> */,
				3CF0CA8E1C4F520100873E6C /* <%= @proj_name %>Tests */,
			);
		};
/* End PBXProject section */

/* Begin PBXReferenceProxy section */
		3CF0CAC51C4F553100873E6C /* LuaViewSDK.app */ = {
			isa = PBXReferenceProxy;
			fileType = wrapper.application;
			path = LuaViewSDK.app;
			remoteRef = 3CF0CAC41C4F553100873E6C /* PBXContainerItemProxy */;
			sourceTree = BUILT_PRODUCTS_DIR;
		};
		3CF0CAC71C4F553100873E6C /* LuaViewTests.xctest */ = {
			isa = PBXReferenceProxy;
			fileType = wrapper.cfbundle;
			path = LuaViewTests.xctest;
			remoteRef = 3CF0CAC61C4F553100873E6C /* PBXContainerItemProxy */;
			sourceTree = BUILT_PRODUCTS_DIR;
		};
		3CF0CAC91C4F553100873E6C /* LuaViewSDK.framework */ = {
			isa = PBXReferenceProxy;
			fileType = wrapper.framework.static;
			path = LuaViewSDK.framework;
			remoteRef = 3CF0CAC81C4F553100873E6C /* PBXContainerItemProxy */;
			sourceTree = BUILT_PRODUCTS_DIR;
		};
		3CF0CACB1C4F553100873E6C /* libDummy.a */ = {
			isa = PBXReferenceProxy;
			fileType = archive.ar;
			path = libDummy.a;
			remoteRef = 3CF0CACA1C4F553100873E6C /* PBXContainerItemProxy */;
			sourceTree = BUILT_PRODUCTS_DIR;
		};
/* End PBXReferenceProxy section */

/* Begin PBXResourcesBuildPhase section */
		3CF0CA741C4F520100873E6C /* Resources */ = {
			isa = PBXResourcesBuildPhase;
			buildActionMask = 2147483647;
			files = (
				3CF0CA891C4F520100873E6C /* LaunchScreen.storyboard in Resources */,
				3CFD574B1C4F6D1E002C53F6 /* main.lua in Resources */,
				3CF0CA861C4F520100873E6C /* Assets.xcassets in Resources */,
			);
			runOnlyForDeploymentPostprocessing = 0;
		};
		3CF0CA8D1C4F520100873E6C /* Resources */ = {
			isa = PBXResourcesBuildPhase;
			buildActionMask = 2147483647;
			files = (
			);
			runOnlyForDeploymentPostprocessing = 0;
		};
/* End PBXResourcesBuildPhase section */

/* Begin PBXSourcesBuildPhase section */
		3CF0CA721C4F520100873E6C /* Sources */ = {
			isa = PBXSourcesBuildPhase;
			buildActionMask = 2147483647;
			files = (
				3CF0CA7E1C4F520100873E6C /* AppDelegate.m in Sources */,
				3CF0CA7B1C4F520100873E6C /* main.m in Sources */,
			);
			runOnlyForDeploymentPostprocessing = 0;
		};
		3CF0CA8B1C4F520100873E6C /* Sources */ = {
			isa = PBXSourcesBuildPhase;
			buildActionMask = 2147483647;
			files = (
				3CF0CA941C4F520100873E6C /* <%= @proj_name %>Tests.m in Sources */,
			);
			runOnlyForDeploymentPostprocessing = 0;
		};
/* End PBXSourcesBuildPhase section */

/* Begin PBXTargetDependency section */
		3CF0CA911C4F520100873E6C /* PBXTargetDependency */ = {
			isa = PBXTargetDependency;
			target = 3CF0CA751C4F520100873E6C /* <%= @proj_name %> */;
			targetProxy = 3CF0CA901C4F520100873E6C /* PBXContainerItemProxy */;
		};
/* End PBXTargetDependency section */

/* Begin PBXVariantGroup section */
		3CF0CA871C4F520100873E6C /* LaunchScreen.storyboard */ = {
			isa = PBXVariantGroup;
			children = (
				3CF0CA881C4F520100873E6C /* Base */,
			);
			name = LaunchScreen.storyboard;
			sourceTree = "<group>";
		};
/* End PBXVariantGroup section */

/* Begin XCBuildConfiguration section */
		3CF0CA961C4F520100873E6C /* Debug */ = {
			isa = XCBuildConfiguration;
			buildSettings = {
				ALWAYS_SEARCH_USER_PATHS = NO;
				CLANG_CXX_LANGUAGE_STANDARD = "gnu++0x";
				CLANG_CXX_LIBRARY = "libc++";
				CLANG_ENABLE_MODULES = YES;
				CLANG_ENABLE_OBJC_ARC = YES;
				CLANG_WARN_BOOL_CONVERSION = YES;
				CLANG_WARN_CONSTANT_CONVERSION = YES;
				CLANG_WARN_DIRECT_OBJC_ISA_USAGE = YES_ERROR;
				CLANG_WARN_EMPTY_BODY = YES;
				CLANG_WARN_ENUM_CONVERSION = YES;
				CLANG_WARN_INT_CONVERSION = YES;
				CLANG_WARN_OBJC_ROOT_CLASS = YES_ERROR;
				CLANG_WARN_UNREACHABLE_CODE = YES;
				CLANG_WARN__DUPLICATE_METHOD_MATCH = YES;
				"CODE_SIGN_IDENTITY[sdk=iphoneos*]" = "iPhone Developer";
				COPY_PHASE_STRIP = NO;
				DEBUG_INFORMATION_FORMAT = dwarf;
				ENABLE_STRICT_OBJC_MSGSEND = YES;
				ENABLE_TESTABILITY = YES;
				GCC_C_LANGUAGE_STANDARD = gnu99;
				GCC_DYNAMIC_NO_PIC = NO;
				GCC_NO_COMMON_BLOCKS = YES;
				GCC_OPTIMIZATION_LEVEL = 0;
				GCC_PREPROCESSOR_DEFINITIONS = (
					"DEBUG=1",
					"$(inherited)",
				);
				GCC_WARN_64_TO_32_BIT_CONVERSION = YES;
				GCC_WARN_ABOUT_RETURN_TYPE = YES_ERROR;
				GCC_WARN_UNDECLARED_SELECTOR = YES;
				GCC_WARN_UNINITIALIZED_AUTOS = YES_AGGRESSIVE;
				GCC_WARN_UNUSED_FUNCTION = YES;
				GCC_WARN_UNUSED_VARIABLE = YES;
				IPHONEOS_DEPLOYMENT_TARGET = 9.2;
				MTL_ENABLE_DEBUG_INFO = YES;
				ONLY_ACTIVE_ARCH = YES;
				SDKROOT = iphoneos;
			};
			name = Debug;
		};
		3CF0CA971C4F520100873E6C /* Release */ = {
			isa = XCBuildConfiguration;
			buildSettings = {
				ALWAYS_SEARCH_USER_PATHS = NO;
				CLANG_CXX_LANGUAGE_STANDARD = "gnu++0x";
				CLANG_CXX_LIBRARY = "libc++";
				CLANG_ENABLE_MODULES = YES;
				CLANG_ENABLE_OBJC_ARC = YES;
				CLANG_WARN_BOOL_CONVERSION = YES;
				CLANG_WARN_CONSTANT_CONVERSION = YES;
				CLANG_WARN_DIRECT_OBJC_ISA_USAGE = YES_ERROR;
				CLANG_WARN_EMPTY_BODY = YES;
				CLANG_WARN_ENUM_CONVERSION = YES;
				CLANG_WARN_INT_CONVERSION = YES;
				CLANG_WARN_OBJC_ROOT_CLASS = YES_ERROR;
				CLANG_WARN_UNREACHABLE_CODE = YES;
				CLANG_WARN__DUPLICATE_METHOD_MATCH = YES;
				"CODE_SIGN_IDENTITY[sdk=iphoneos*]" = "iPhone Developer";
				COPY_PHASE_STRIP = NO;
				DEBUG_INFORMATION_FORMAT = "dwarf-with-dsym";
				ENABLE_NS_ASSERTIONS = NO;
				ENABLE_STRICT_OBJC_MSGSEND = YES;
				GCC_C_LANGUAGE_STANDARD = gnu99;
				GCC_NO_COMMON_BLOCKS = YES;
				GCC_WARN_64_TO_32_BIT_CONVERSION = YES;
				GCC_WARN_ABOUT_RETURN_TYPE = YES_ERROR;
				GCC_WARN_UNDECLARED_SELECTOR = YES;
				GCC_WARN_UNINITIALIZED_AUTOS = YES_AGGRESSIVE;
				GCC_WARN_UNUSED_FUNCTION = YES;
				GCC_WARN_UNUSED_VARIABLE = YES;
				IPHONEOS_DEPLOYMENT_TARGET = 9.2;
				MTL_ENABLE_DEBUG_INFO = NO;
				SDKROOT = iphoneos;
				VALIDATE_PRODUCT = YES;
			};
			name = Release;
		};
		3CF0CA991C4F520100873E6C /* Debug */ = {
			isa = XCBuildConfiguration;
			buildSettings = {
				ASSETCATALOG_COMPILER_APPICON_NAME = AppIcon;
				HEADER_SEARCH_PATHS = "$(SRCROOT)/../lv-sdk/IOS/LuaViewSDK/Classes/**";
				INFOPLIST_FILE = <%= @proj_name %>/Info.plist;
				LD_RUNPATH_SEARCH_PATHS = "$(inherited) @executable_path/Frameworks";
				OTHER_LDFLAGS = "-ObjC";
				PRODUCT_BUNDLE_IDENTIFIER = com.juhuasuan..<%= @proj_name %>;
				PRODUCT_NAME = "$(TARGET_NAME)";
			};
			name = Debug;
		};
		3CF0CA9A1C4F520100873E6C /* Release */ = {
			isa = XCBuildConfiguration;
			buildSettings = {
				ASSETCATALOG_COMPILER_APPICON_NAME = AppIcon;
				HEADER_SEARCH_PATHS = "$(SRCROOT)/../lv-sdk/IOS/LuaViewSDK/Classes/**";
				INFOPLIST_FILE = <%= @proj_name %>/Info.plist;
				LD_RUNPATH_SEARCH_PATHS = "$(inherited) @executable_path/Frameworks";
				OTHER_LDFLAGS = "-ObjC";
				PRODUCT_BUNDLE_IDENTIFIER = com.juhuasuan..<%= @proj_name %>;
				PRODUCT_NAME = "$(TARGET_NAME)";
			};
			name = Release;
		};
		3CF0CA9C1C4F520100873E6C /* Debug */ = {
			isa = XCBuildConfiguration;
			buildSettings = {
				BUNDLE_LOADER = "$(TEST_HOST)";
				INFOPLIST_FILE = <%= @proj_name %>Tests/Info.plist;
				LD_RUNPATH_SEARCH_PATHS = "$(inherited) @executable_path/Frameworks @loader_path/Frameworks";
				PRODUCT_BUNDLE_IDENTIFIER = com.juhuasuan..<%= @proj_name %>Tests;
				PRODUCT_NAME = "$(TARGET_NAME)";
				TEST_HOST = "$(BUILT_PRODUCTS_DIR)/<%= @proj_name %>.app/<%= @proj_name %>";
			};
			name = Debug;
		};
		3CF0CA9D1C4F520100873E6C /* Release */ = {
			isa = XCBuildConfiguration;
			buildSettings = {
				BUNDLE_LOADER = "$(TEST_HOST)";
				INFOPLIST_FILE = <%= @proj_name %>Tests/Info.plist;
				LD_RUNPATH_SEARCH_PATHS = "$(inherited) @executable_path/Frameworks @loader_path/Frameworks";
				PRODUCT_BUNDLE_IDENTIFIER = com.juhuasuan..<%= @proj_name %>Tests;
				PRODUCT_NAME = "$(TARGET_NAME)";
				TEST_HOST = "$(BUILT_PRODUCTS_DIR)/<%= @proj_name %>.app/<%= @proj_name %>";
			};
			name = Release;
		};
/* End XCBuildConfiguration section */

/* Begin XCConfigurationList section */
		3CF0CA711C4F520100873E6C /* Build configuration list for PBXProject "<%= @proj_name %>" */ = {
			isa = XCConfigurationList;
			buildConfigurations = (
				3CF0CA961C4F520100873E6C /* Debug */,
				3CF0CA971C4F520100873E6C /* Release */,
			);
			defaultConfigurationIsVisible = 0;
			defaultConfigurationName = Release;
		};
		3CF0CA981C4F520100873E6C /* Build configuration list for PBXNativeTarget "<%= @proj_name %>" */ = {
			isa = XCConfigurationList;
			buildConfigurations = (
				3CF0CA991C4F520100873E6C /* Debug */,
				3CF0CA9A1C4F520100873E6C /* Release */,
			);
			defaultConfigurationIsVisible = 0;
			defaultConfigurationName = Release;
		};
		3CF0CA9B1C4F520100873E6C /* Build configuration list for PBXNativeTarget "<%= @proj_name %>Tests" */ = {
			isa = XCConfigurationList;
			buildConfigurations = (
				3CF0CA9C1C4F520100873E6C /* Debug */,
				3CF0CA9D1C4F520100873E6C /* Release */,
			);
			defaultConfigurationIsVisible = 0;
			defaultConfigurationName = Release;
		};
/* End XCConfigurationList section */
	};
	rootObject = 3CF0CA6E1C4F520100873E6C /* Project object */;
}
